// !$*UTF8*$!
{
	archiveVersion = 1;
	classes = {
	};
	objectVersion = 46;
	objects = {

/* Begin PBXBuildFile section */
		8A6052806DDD4A987B1EDEFC /* libPods.a in Frameworks */ = {isa = PBXBuildFile; fileRef = F7688FF7FE56DBDC69EEA74A /* libPods.a */; };
		F960FB601A53922600663270 /* AppDelegate.swift in Sources */ = {isa = PBXBuildFile; fileRef = F960FB5F1A53922600663270 /* AppDelegate.swift */; };
		F960FB631A53922600663270 /* FootballDemo.xcdatamodeld in Sources */ = {isa = PBXBuildFile; fileRef = F960FB611A53922600663270 /* FootballDemo.xcdatamodeld */; };
		F960FB651A53922600663270 /* ViewController.swift in Sources */ = {isa = PBXBuildFile; fileRef = F960FB641A53922600663270 /* ViewController.swift */; };
		F960FB681A53922600663270 /* Main.storyboard in Resources */ = {isa = PBXBuildFile; fileRef = F960FB661A53922600663270 /* Main.storyboard */; };
		F960FB6A1A53922600663270 /* Images.xcassets in Resources */ = {isa = PBXBuildFile; fileRef = F960FB691A53922600663270 /* Images.xcassets */; };
		F960FB6D1A53922600663270 /* LaunchScreen.xib in Resources */ = {isa = PBXBuildFile; fileRef = F960FB6B1A53922600663270 /* LaunchScreen.xib */; };
		F960FB791A53922600663270 /* FootballDemoTests.swift in Sources */ = {isa = PBXBuildFile; fileRef = F960FB781A53922600663270 /* FootballDemoTests.swift */; };
		F960FB831A539AD600663270 /* s.storyboard in Resources */ = {isa = PBXBuildFile; fileRef = F960FB821A539AD600663270 /* s.storyboard */; };
		F96E477A1A5533D600100E3A /* third.storyboard in Resources */ = {isa = PBXBuildFile; fileRef = F96E47791A5533D600100E3A /* third.storyboard */; };
/* End PBXBuildFile section */

/* Begin PBXContainerItemProxy section */
		F960FB731A53922600663270 /* PBXContainerItemProxy */ = {
			isa = PBXContainerItemProxy;
			containerPortal = F960FB521A53922600663270 /* Project object */;
			proxyType = 1;
			remoteGlobalIDString = F960FB591A53922600663270;
			remoteInfo = FootballDemo;
		};
/* End PBXContainerItemProxy section */

/* Begin PBXFileReference section */
		3254E4F380CD3822A66181DA /* Pods.debug.xcconfig */ = {isa = PBXFileReference; includeInIndex = 1; lastKnownFileType = text.xcconfig; name = Pods.debug.xcconfig; path = "Pods/Target Support Files/Pods/Pods.debug.xcconfig"; sourceTree = "<group>"; };
		79836D76BDA1A912ED152AF5 /* Pods.release.xcconfig */ = {isa = PBXFileReference; includeInIndex = 1; lastKnownFileType = text.xcconfig; name = Pods.release.xcconfig; path = "Pods/Target Support Files/Pods/Pods.release.xcconfig"; sourceTree = "<group>"; };
		F7688FF7FE56DBDC69EEA74A /* libPods.a */ = {isa = PBXFileReference; explicitFileType = archive.ar; includeInIndex = 0; path = libPods.a; sourceTree = BUILT_PRODUCTS_DIR; };
		F960FB5A1A53922600663270 /* FootballDemo.app */ = {isa = PBXFileReference; explicitFileType = wrapper.application; includeInIndex = 0; path = FootballDemo.app; sourceTree = BUILT_PRODUCTS_DIR; };
		F960FB5E1A53922600663270 /* Info.plist */ = {isa = PBXFileReference; lastKnownFileType = text.plist.xml; path = Info.plist; sourceTree = "<group>"; };
		F960FB5F1A53922600663270 /* AppDelegate.swift */ = {isa = PBXFileReference; lastKnownFileType = sourcecode.swift; path = AppDelegate.swift; sourceTree = "<group>"; };
		F960FB621A53922600663270 /* FootballDemo.xcdatamodel */ = {isa = PBXFileReference; lastKnownFileType = wrapper.xcdatamodel; path = FootballDemo.xcdatamodel; sourceTree = "<group>"; };
		F960FB641A53922600663270 /* ViewController.swift */ = {isa = PBXFileReference; lastKnownFileType = sourcecode.swift; path = ViewController.swift; sourceTree = "<group>"; };
		F960FB671A53922600663270 /* Base */ = {isa = PBXFileReference; lastKnownFileType = file.storyboard; name = Base; path = Base.lproj/Main.storyboard; sourceTree = "<group>"; };
		F960FB691A53922600663270 /* Images.xcassets */ = {isa = PBXFileReference; lastKnownFileType = folder.assetcatalog; path = Images.xcassets; sourceTree = "<group>"; };
		F960FB6C1A53922600663270 /* Base */ = {isa = PBXFileReference; lastKnownFileType = file.xib; name = Base; path = Base.lproj/LaunchScreen.xib; sourceTree = "<group>"; };
		F960FB721A53922600663270 /* FootballDemoTests.xctest */ = {isa = PBXFileReference; explicitFileType = wrapper.cfbundle; includeInIndex = 0; path = FootballDemoTests.xctest; sourceTree = BUILT_PRODUCTS_DIR; };
		F960FB771A53922600663270 /* Info.plist */ = {isa = PBXFileReference; lastKnownFileType = text.plist.xml; path = Info.plist; sourceTree = "<group>"; };
		F960FB781A53922600663270 /* FootballDemoTests.swift */ = {isa = PBXFileReference; lastKnownFileType = sourcecode.swift; path = FootballDemoTests.swift; sourceTree = "<group>"; };
		F960FB821A539AD600663270 /* s.storyboard */ = {isa = PBXFileReference; fileEncoding = 4; lastKnownFileType = file.storyboard; path = s.storyboard; sourceTree = "<group>"; };
		F96E47791A5533D600100E3A /* third.storyboard */ = {isa = PBXFileReference; fileEncoding = 4; lastKnownFileType = file.storyboard; name = third.storyboard; path = ../third.storyboard; sourceTree = "<group>"; };
/* End PBXFileReference section */

/* Begin PBXFrameworksBuildPhase section */
		F960FB571A53922600663270 /* Frameworks */ = {
			isa = PBXFrameworksBuildPhase;
			buildActionMask = 2147483647;
			files = (
				8A6052806DDD4A987B1EDEFC /* libPods.a in Frameworks */,
			);
			runOnlyForDeploymentPostprocessing = 0;
		};
		F960FB6F1A53922600663270 /* Frameworks */ = {
			isa = PBXFrameworksBuildPhase;
			buildActionMask = 2147483647;
			files = (
			);
			runOnlyForDeploymentPostprocessing = 0;
		};
/* End PBXFrameworksBuildPhase section */

/* Begin PBXGroup section */
		20A795BFF4FB6B938A4FB218 /* Pods */ = {
			isa = PBXGroup;
			children = (
				3254E4F380CD3822A66181DA /* Pods.debug.xcconfig */,
				79836D76BDA1A912ED152AF5 /* Pods.release.xcconfig */,
			);
			name = Pods;
			sourceTree = "<group>";
		};
		F960FB511A53922600663270 = {
			isa = PBXGroup;
			children = (
				F960FB5C1A53922600663270 /* FootballDemo */,
				F960FB751A53922600663270 /* FootballDemoTests */,
				F960FB5B1A53922600663270 /* Products */,
				20A795BFF4FB6B938A4FB218 /* Pods */,
				FB24FF5BB39C0BABBD1F6FAF /* Frameworks */,
			);
			sourceTree = "<group>";
		};
		F960FB5B1A53922600663270 /* Products */ = {
			isa = PBXGroup;
			children = (
				F960FB5A1A53922600663270 /* FootballDemo.app */,
				F960FB721A53922600663270 /* FootballDemoTests.xctest */,
			);
			name = Products;
			sourceTree = "<group>";
		};
		F960FB5C1A53922600663270 /* FootballDemo */ = {
			isa = PBXGroup;
			children = (
				F960FB5F1A53922600663270 /* AppDelegate.swift */,
				F960FB641A53922600663270 /* ViewController.swift */,
				F960FB661A53922600663270 /* Main.storyboard */,
				F960FB691A53922600663270 /* Images.xcassets */,
				F960FB6B1A53922600663270 /* LaunchScreen.xib */,
				F960FB611A53922600663270 /* FootballDemo.xcdatamodeld */,
				F960FB5D1A53922600663270 /* Supporting Files */,
				F960FB821A539AD600663270 /* s.storyboard */,
				F96E47791A5533D600100E3A /* third.storyboard */,
			);
			path = FootballDemo;
			sourceTree = "<group>";
		};
		F960FB5D1A53922600663270 /* Supporting Files */ = {
			isa = PBXGroup;
			children = (
				F960FB5E1A53922600663270 /* Info.plist */,
			);
			name = "Supporting Files";
			sourceTree = "<group>";
		};
		F960FB751A53922600663270 /* FootballDemoTests */ = {
			isa = PBXGroup;
			children = (
				F960FB781A53922600663270 /* FootballDemoTests.swift */,
				F960FB761A53922600663270 /* Supporting Files */,
			);
			path = FootballDemoTests;
			sourceTree = "<group>";
		};
		F960FB761A53922600663270 /* Supporting Files */ = {
			isa = PBXGroup;
			children = (
				F960FB771A53922600663270 /* Info.plist */,
			);
			name = "Supporting Files";
			sourceTree = "<group>";
		};
		FB24FF5BB39C0BABBD1F6FAF /* Frameworks */ = {
			isa = PBXGroup;
			children = (
				F7688FF7FE56DBDC69EEA74A /* libPods.a */,
			);
			name = Frameworks;
			sourceTree = "<group>";
		};
/* End PBXGroup section */

/* Begin PBXNativeTarget section */
		F960FB591A53922600663270 /* FootballDemo */ = {
			isa = PBXNativeTarget;
			buildConfigurationList = F960FB7C1A53922600663270 /* Build configuration list for PBXNativeTarget "FootballDemo" */;
			buildPhases = (
				50A1A0CD4E0D8C7605162400 /* Check Pods Manifest.lock */,
				F960FB561A53922600663270 /* Sources */,
				F960FB571A53922600663270 /* Frameworks */,
				F960FB581A53922600663270 /* Resources */,
				CC7A5CBC9511CBF9CAAC45C3 /* Copy Pods Resources */,
			);
			buildRules = (
			);
			dependencies = (
			);
			name = FootballDemo;
			productName = FootballDemo;
			productReference = F960FB5A1A53922600663270 /* FootballDemo.app */;
			productType = "com.apple.product-type.application";
		};
		F960FB711A53922600663270 /* FootballDemoTests */ = {
			isa = PBXNativeTarget;
			buildConfigurationList = F960FB7F1A53922600663270 /* Build configuration list for PBXNativeTarget "FootballDemoTests" */;
			buildPhases = (
				F960FB6E1A53922600663270 /* Sources */,
				F960FB6F1A53922600663270 /* Frameworks */,
				F960FB701A53922600663270 /* Resources */,
			);
			buildRules = (
			);
			dependencies = (
				F960FB741A53922600663270 /* PBXTargetDependency */,
			);
			name = FootballDemoTests;
			productName = FootballDemoTests;
			productReference = F960FB721A53922600663270 /* FootballDemoTests.xctest */;
			productType = "com.apple.product-type.bundle.unit-test";
		};
/* End PBXNativeTarget section */

/* Begin PBXProject section */
		F960FB521A53922600663270 /* Project object */ = {
			isa = PBXProject;
			attributes = {
				LastUpgradeCheck = 0610;
				ORGANIZATIONNAME = andyhu;
				TargetAttributes = {
					F960FB591A53922600663270 = {
						CreatedOnToolsVersion = 6.1;
					};
					F960FB711A53922600663270 = {
						CreatedOnToolsVersion = 6.1;
						TestTargetID = F960FB591A53922600663270;
					};
				};
			};
			buildConfigurationList = F960FB551A53922600663270 /* Build configuration list for PBXProject "FootballDemo" */;
			compatibilityVersion = "Xcode 3.2";
			developmentRegion = English;
			hasScannedForEncodings = 0;
			knownRegions = (
				en,
				Base,
			);
			mainGroup = F960FB511A53922600663270;
			productRefGroup = F960FB5B1A53922600663270 /* Products */;
			projectDirPath = "";
			projectRoot = "";
			targets = (
				F960FB591A53922600663270 /* FootballDemo */,
				F960FB711A53922600663270 /* FootballDemoTests */,
			);
		};
/* End PBXProject section */

/* Begin PBXResourcesBuildPhase section */
		F960FB581A53922600663270 /* Resources */ = {
			isa = PBXResourcesBuildPhase;
			buildActionMask = 2147483647;
			files = (
				F96E477A1A5533D600100E3A /* third.storyboard in Resources */,
				F960FB681A53922600663270 /* Main.storyboard in Resources */,
				F960FB6D1A53922600663270 /* LaunchScreen.xib in Resources */,
				F960FB6A1A53922600663270 /* Images.xcassets in Resources */,
				F960FB831A539AD600663270 /* s.storyboard in Resources */,
			);
			runOnlyForDeploymentPostprocessing = 0;
		};
		F960FB701A53922600663270 /* Resources */ = {
			isa = PBXResourcesBuildPhase;
			buildActionMask = 2147483647;
			files = (
			);
			runOnlyForDeploymentPostprocessing = 0;
		};
/* End PBXResourcesBuildPhase section */

/* Begin PBXShellScriptBuildPhase section */
		50A1A0CD4E0D8C7605162400 /* Check Pods Manifest.lock */ = {
			isa = PBXShellScriptBuildPhase;
			buildActionMask = 2147483647;
			files = (
			);
			inputPaths = (
			);
			name = "Check Pods Manifest.lock";
			outputPaths = (
			);
			runOnlyForDeploymentPostprocessing = 0;
			shellPath = /bin/sh;
			shellScript = "diff \"${PODS_ROOT}/../Podfile.lock\" \"${PODS_ROOT}/Manifest.lock\" > /dev/null\nif [[ $? != 0 ]] ; then\n    cat << EOM\nerror: The sandbox is not in sync with the Podfile.lock. Run 'pod install' or update your CocoaPods installation.\nEOM\n    exit 1\nfi\n";
			showEnvVarsInLog = 0;
		};
		CC7A5CBC9511CBF9CAAC45C3 /* Copy Pods Resources */ = {
			isa = PBXShellScriptBuildPhase;
			buildActionMask = 2147483647;
			files = (
			);
			inputPaths = (
			);
			name = "Copy Pods Resources";
			outputPaths = (
			);
			runOnlyForDeploymentPostprocessing = 0;
			shellPath = /bin/sh;
			shellScript = "\"${SRCROOT}/Pods/Target Support Files/Pods/Pods-resources.sh\"\n";
			showEnvVarsInLog = 0;
		};
/* End PBXShellScriptBuildPhase section */

/* Begin PBXSourcesBuildPhase section */
		F960FB561A53922600663270 /* Sources */ = {
			isa = PBXSourcesBuildPhase;
			buildActionMask = 2147483647;
			files = (
				F960FB651A53922600663270 /* ViewController.swift in Sources */,
				F960FB601A53922600663270 /* AppDelegate.swift in Sources */,
				F960FB631A53922600663270 /* FootballDemo.xcdatamodeld in Sources */,
			);
			runOnlyForDeploymentPostprocessing = 0;
		};
		F960FB6E1A53922600663270 /* Sources */ = {
			isa = PBXSourcesBuildPhase;
			buildActionMask = 2147483647;
			files = (
				F960FB791A53922600663270 /* FootballDemoTests.swift in Sources */,
			);
			runOnlyForDeploymentPostprocessing = 0;
		};
/* End PBXSourcesBuildPhase section */

/* Begin PBXTargetDependency section */
		F960FB741A53922600663270 /* PBXTargetDependency */ = {
			isa = PBXTargetDependency;
			target = F960FB591A53922600663270 /* FootballDemo */;
			targetProxy = F960FB731A53922600663270 /* PBXContainerItemProxy */;
		};
/* End PBXTargetDependency section */

/* Begin PBXVariantGroup section */
		F960FB661A53922600663270 /* Main.storyboard */ = {
			isa = PBXVariantGroup;
			children = (
				F960FB671A53922600663270 /* Base */,
			);
			name = Main.storyboard;
			sourceTree = "<group>";
		};
		F960FB6B1A53922600663270 /* LaunchScreen.xib */ = {
			isa = PBXVariantGroup;
			children = (
				F960FB6C1A53922600663270 /* Base */,
			);
			name = LaunchScreen.xib;
			sourceTree = "<group>";
		};
/* End PBXVariantGroup section */

/* Begin XCBuildConfiguration section */
		F960FB7A1A53922600663270 /* Debug */ = {
			isa = XCBuildConfiguration;
			buildSettings = {
				ALWAYS_SEARCH_USER_PATHS = NO;
				CLANG_CXX_LANGUAGE_STANDARD = "gnu++0x";
				CLANG_CXX_LIBRARY = "libc++";
				CLANG_ENABLE_MODULES = YES;
				CLANG_ENABLE_OBJC_ARC = YES;
				CLANG_WARN_BOOL_CONVERSION = YES;
				CLANG_WARN_CONSTANT_CONVERSION = YES;
				CLANG_WARN_DIRECT_OBJC_ISA_USAGE = YES_ERROR;
				CLANG_WARN_EMPTY_BODY = YES;
				CLANG_WARN_ENUM_CONVERSION = YES;
				CLANG_WARN_INT_CONVERSION = YES;
				CLANG_WARN_OBJC_ROOT_CLASS = YES_ERROR;
				CLANG_WARN_UNREACHABLE_CODE = YES;
				CLANG_WARN__DUPLICATE_METHOD_MATCH = YES;
				"CODE_SIGN_IDENTITY[sdk=iphoneos*]" = "iPhone Developer";
				COPY_PHASE_STRIP = NO;
				ENABLE_STRICT_OBJC_MSGSEND = YES;
				GCC_C_LANGUAGE_STANDARD = gnu99;
				GCC_DYNAMIC_NO_PIC = NO;
				GCC_OPTIMIZATION_LEVEL = 0;
				GCC_PREPROCESSOR_DEFINITIONS = (
					"DEBUG=1",
					"$(inherited)",
				);
				GCC_SYMBOLS_PRIVATE_EXTERN = NO;
				GCC_WARN_64_TO_32_BIT_CONVERSION = YES;
				GCC_WARN_ABOUT_RETURN_TYPE = YES_ERROR;
				GCC_WARN_UNDECLARED_SELECTOR = YES;
				GCC_WARN_UNINITIALIZED_AUTOS = YES_AGGRESSIVE;
				GCC_WARN_UNUSED_FUNCTION = YES;
				GCC_WARN_UNUSED_VARIABLE = YES;
				IPHONEOS_DEPLOYMENT_TARGET = 8.1;
				MTL_ENABLE_DEBUG_INFO = YES;
				ONLY_ACTIVE_ARCH = YES;
				SDKROOT = iphoneos;
				SWIFT_OPTIMIZATION_LEVEL = "-Onone";
			};
			name = Debug;
		};
		F960FB7B1A53922600663270 /* Release */ = {
			isa = XCBuildConfiguration;
			buildSettings = {
				ALWAYS_SEARCH_USER_PATHS = NO;
				CLANG_CXX_LANGUAGE_STANDARD = "gnu++0x";
				CLANG_CXX_LIBRARY = "libc++";
				CLANG_ENABLE_MODULES = YES;
				CLANG_ENABLE_OBJC_ARC = YES;
				CLANG_WARN_BOOL_CONVERSION = YES;
				CLANG_WARN_CONSTANT_CONVERSION = YES;
				CLANG_WARN_DIRECT_OBJC_ISA_USAGE = YES_ERROR;
				CLANG_WARN_EMPTY_BODY = YES;
				CLANG_WARN_ENUM_CONVERSION = YES;
				CLANG_WARN_INT_CONVERSION = YES;
				CLANG_WARN_OBJC_ROOT_CLASS = YES_ERROR;
				CLANG_WARN_UNREACHABLE_CODE = YES;
				CLANG_WARN__DUPLICATE_METHOD_MATCH = YES;
				"CODE_SIGN_IDENTITY[sdk=iphoneos*]" = "iPhone Developer";
				COPY_PHASE_STRIP = YES;
				ENABLE_NS_ASSERTIONS = NO;
				ENABLE_STRICT_OBJC_MSGSEND = YES;
				GCC_C_LANGUAGE_STANDARD = gnu99;
				GCC_WARN_64_TO_32_BIT_CONVERSION = YES;
				GCC_WARN_ABOUT_RETURN_TYPE = YES_ERROR;
				GCC_WARN_UNDECLARED_SELECTOR = YES;
				GCC_WARN_UNINITIALIZED_AUTOS = YES_AGGRESSIVE;
				GCC_WARN_UNUSED_FUNCTION = YES;
				GCC_WARN_UNUSED_VARIABLE = YES;
				IPHONEOS_DEPLOYMENT_TARGET = 8.1;
				MTL_ENABLE_DEBUG_INFO = NO;
				SDKROOT = iphoneos;
				VALIDATE_PRODUCT = YES;
			};
			name = Release;
		};
		F960FB7D1A53922600663270 /* Debug */ = {
			isa = XCBuildConfiguration;
			baseConfigurationReference = 3254E4F380CD3822A66181DA /* Pods.debug.xcconfig */;
			buildSettings = {
				ASSETCATALOG_COMPILER_APPICON_NAME = AppIcon;
				INFOPLIST_FILE = FootballDemo/Info.plist;
				LD_RUNPATH_SEARCH_PATHS = "$(inherited) @executable_path/Frameworks";
				PRODUCT_NAME = "$(TARGET_NAME)";
			};
			name = Debug;
		};
		F960FB7E1A53922600663270 /* Release */ = {
			isa = XCBuildConfiguration;
			baseConfigurationReference = 79836D76BDA1A912ED152AF5 /* Pods.release.xcconfig */;
			buildSettings = {
				ASSETCATALOG_COMPILER_APPICON_NAME = AppIcon;
				INFOPLIST_FILE = FootballDemo/Info.plist;
				LD_RUNPATH_SEARCH_PATHS = "$(inherited) @executable_path/Frameworks";
				PRODUCT_NAME = "$(TARGET_NAME)";
			};
			name = Release;
		};
		F960FB801A53922600663270 /* Debug */ = {
			isa = XCBuildConfiguration;
			buildSettings = {
				BUNDLE_LOADER = "$(TEST_HOST)";
				FRAMEWORK_SEARCH_PATHS = (
					"$(SDKROOT)/Developer/Library/Frameworks",
					"$(inherited)",
				);
				GCC_PREPROCESSOR_DEFINITIONS = (
					"DEBUG=1",
					"$(inherited)",
				);
				INFOPLIST_FILE = FootballDemoTests/Info.plist;
				LD_RUNPATH_SEARCH_PATHS = "$(inherited) @executable_path/Frameworks @loader_path/Frameworks";
				PRODUCT_NAME = "$(TARGET_NAME)";
				TEST_HOST = "$(BUILT_PRODUCTS_DIR)/FootballDemo.app/FootballDemo";
			};
			name = Debug;
		};
		F960FB811A53922600663270 /* Release */ = {
			isa = XCBuildConfiguration;
			buildSettings = {
				BUNDLE_LOADER = "$(TEST_HOST)";
				FRAMEWORK_SEARCH_PATHS = (
					"$(SDKROOT)/Developer/Library/Frameworks",
					"$(inherited)",
				);
				INFOPLIST_FILE = FootballDemoTests/Info.plist;
				LD_RUNPATH_SEARCH_PATHS = "$(inherited) @executable_path/Frameworks @loader_path/Frameworks";
				PRODUCT_NAME = "$(TARGET_NAME)";
				TEST_HOST = "$(BUILT_PRODUCTS_DIR)/FootballDemo.app/FootballDemo";
			};
			name = Release;
		};
/* End XCBuildConfiguration section */

/* Begin XCConfigurationList section */
		F960FB551A53922600663270 /* Build configuration list for PBXProject "FootballDemo" */ = {
			isa = XCConfigurationList;
			buildConfigurations = (
				F960FB7A1A53922600663270 /* Debug */,
				F960FB7B1A53922600663270 /* Release */,
			);
			defaultConfigurationIsVisible = 0;
			defaultConfigurationName = Release;
		};
		F960FB7C1A53922600663270 /* Build configuration list for PBXNativeTarget "FootballDemo" */ = {
			isa = XCConfigurationList;
			buildConfigurations = (
				F960FB7D1A53922600663270 /* Debug */,
				F960FB7E1A53922600663270 /* Release */,
			);
			defaultConfigurationIsVisible = 0;
			defaultConfigurationName = Release;
		};
		F960FB7F1A53922600663270 /* Build configuration list for PBXNativeTarget "FootballDemoTests" */ = {
			isa = XCConfigurationList;
			buildConfigurations = (
				F960FB801A53922600663270 /* Debug */,
				F960FB811A53922600663270 /* Release */,
			);
			defaultConfigurationIsVisible = 0;
			defaultConfigurationName = Release;
		};
/* End XCConfigurationList section */

/* Begin XCVersionGroup section */
		F960FB611A53922600663270 /* FootballDemo.xcdatamodeld */ = {
			isa = XCVersionGroup;
			children = (
				F960FB621A53922600663270 /* FootballDemo.xcdatamodel */,
			);
			currentVersion = F960FB621A53922600663270 /* FootballDemo.xcdatamodel */;
			path = FootballDemo.xcdatamodeld;
			sourceTree = "<group>";
			versionGroupType = wrapper.xcdatamodel;
		};
/* End XCVersionGroup section */
	};
	rootObject = F960FB521A53922600663270 /* Project object */;
}
