// !$*UTF8*$!
{
	archiveVersion = 1;
	classes = {
	};
	objectVersion = 46;
	objects = {

/* Begin PBXBuildFile section */
		F9F653531A280F03005F65F1 /* AppDelegate.swift in Sources */ = {isa = PBXBuildFile; fileRef = F9F653521A280F03005F65F1 /* AppDelegate.swift */; };
		F9F653561A280F03005F65F1 /* MyLog.xcdatamodeld in Sources */ = {isa = PBXBuildFile; fileRef = F9F653541A280F03005F65F1 /* MyLog.xcdatamodeld */; };
		F9F653581A280F03005F65F1 /* ViewController.swift in Sources */ = {isa = PBXBuildFile; fileRef = F9F653571A280F03005F65F1 /* ViewController.swift */; };
		F9F6535B1A280F03005F65F1 /* Main.storyboard in Resources */ = {isa = PBXBuildFile; fileRef = F9F653591A280F03005F65F1 /* Main.storyboard */; };
		F9F6535D1A280F03005F65F1 /* Images.xcassets in Resources */ = {isa = PBXBuildFile; fileRef = F9F6535C1A280F03005F65F1 /* Images.xcassets */; };
		F9F653601A280F03005F65F1 /* LaunchScreen.xib in Resources */ = {isa = PBXBuildFile; fileRef = F9F6535E1A280F03005F65F1 /* LaunchScreen.xib */; };
		F9F6536C1A280F03005F65F1 /* MyLogTests.swift in Sources */ = {isa = PBXBuildFile; fileRef = F9F6536B1A280F03005F65F1 /* MyLogTests.swift */; };
/* End PBXBuildFile section */

/* Begin PBXContainerItemProxy section */
		F9F653661A280F03005F65F1 /* PBXContainerItemProxy */ = {
			isa = PBXContainerItemProxy;
			containerPortal = F9F653451A280F03005F65F1 /* Project object */;
			proxyType = 1;
			remoteGlobalIDString = F9F6534C1A280F03005F65F1;
			remoteInfo = MyLog;
		};
/* End PBXContainerItemProxy section */

/* Begin PBXFileReference section */
		F9F6534D1A280F03005F65F1 /* MyLog.app */ = {isa = PBXFileReference; explicitFileType = wrapper.application; includeInIndex = 0; path = MyLog.app; sourceTree = BUILT_PRODUCTS_DIR; };
		F9F653511A280F03005F65F1 /* Info.plist */ = {isa = PBXFileReference; lastKnownFileType = text.plist.xml; path = Info.plist; sourceTree = "<group>"; };
		F9F653521A280F03005F65F1 /* AppDelegate.swift */ = {isa = PBXFileReference; lastKnownFileType = sourcecode.swift; path = AppDelegate.swift; sourceTree = "<group>"; };
		F9F653551A280F03005F65F1 /* MyLog.xcdatamodel */ = {isa = PBXFileReference; lastKnownFileType = wrapper.xcdatamodel; path = MyLog.xcdatamodel; sourceTree = "<group>"; };
		F9F653571A280F03005F65F1 /* ViewController.swift */ = {isa = PBXFileReference; lastKnownFileType = sourcecode.swift; path = ViewController.swift; sourceTree = "<group>"; };
		F9F6535A1A280F03005F65F1 /* Base */ = {isa = PBXFileReference; lastKnownFileType = file.storyboard; name = Base; path = Base.lproj/Main.storyboard; sourceTree = "<group>"; };
		F9F6535C1A280F03005F65F1 /* Images.xcassets */ = {isa = PBXFileReference; lastKnownFileType = folder.assetcatalog; path = Images.xcassets; sourceTree = "<group>"; };
		F9F6535F1A280F03005F65F1 /* Base */ = {isa = PBXFileReference; lastKnownFileType = file.xib; name = Base; path = Base.lproj/LaunchScreen.xib; sourceTree = "<group>"; };
		F9F653651A280F03005F65F1 /* MyLogTests.xctest */ = {isa = PBXFileReference; explicitFileType = wrapper.cfbundle; includeInIndex = 0; path = MyLogTests.xctest; sourceTree = BUILT_PRODUCTS_DIR; };
		F9F6536A1A280F03005F65F1 /* Info.plist */ = {isa = PBXFileReference; lastKnownFileType = text.plist.xml; path = Info.plist; sourceTree = "<group>"; };
		F9F6536B1A280F03005F65F1 /* MyLogTests.swift */ = {isa = PBXFileReference; lastKnownFileType = sourcecode.swift; path = MyLogTests.swift; sourceTree = "<group>"; };
/* End PBXFileReference section */

/* Begin PBXFrameworksBuildPhase section */
		F9F6534A1A280F03005F65F1 /* Frameworks */ = {
			isa = PBXFrameworksBuildPhase;
			buildActionMask = 2147483647;
			files = (
			);
			runOnlyForDeploymentPostprocessing = 0;
		};
		F9F653621A280F03005F65F1 /* Frameworks */ = {
			isa = PBXFrameworksBuildPhase;
			buildActionMask = 2147483647;
			files = (
			);
			runOnlyForDeploymentPostprocessing = 0;
		};
/* End PBXFrameworksBuildPhase section */

/* Begin PBXGroup section */
		F9F653441A280F03005F65F1 = {
			isa = PBXGroup;
			children = (
				F9F6534F1A280F03005F65F1 /* MyLog */,
				F9F653681A280F03005F65F1 /* MyLogTests */,
				F9F6534E1A280F03005F65F1 /* Products */,
			);
			sourceTree = "<group>";
		};
		F9F6534E1A280F03005F65F1 /* Products */ = {
			isa = PBXGroup;
			children = (
				F9F6534D1A280F03005F65F1 /* MyLog.app */,
				F9F653651A280F03005F65F1 /* MyLogTests.xctest */,
			);
			name = Products;
			sourceTree = "<group>";
		};
		F9F6534F1A280F03005F65F1 /* MyLog */ = {
			isa = PBXGroup;
			children = (
				F9F653521A280F03005F65F1 /* AppDelegate.swift */,
				F9F653571A280F03005F65F1 /* ViewController.swift */,
				F9F653591A280F03005F65F1 /* Main.storyboard */,
				F9F6535C1A280F03005F65F1 /* Images.xcassets */,
				F9F6535E1A280F03005F65F1 /* LaunchScreen.xib */,
				F9F653541A280F03005F65F1 /* MyLog.xcdatamodeld */,
				F9F653501A280F03005F65F1 /* Supporting Files */,
			);
			path = MyLog;
			sourceTree = "<group>";
		};
		F9F653501A280F03005F65F1 /* Supporting Files */ = {
			isa = PBXGroup;
			children = (
				F9F653511A280F03005F65F1 /* Info.plist */,
			);
			name = "Supporting Files";
			sourceTree = "<group>";
		};
		F9F653681A280F03005F65F1 /* MyLogTests */ = {
			isa = PBXGroup;
			children = (
				F9F6536B1A280F03005F65F1 /* MyLogTests.swift */,
				F9F653691A280F03005F65F1 /* Supporting Files */,
			);
			path = MyLogTests;
			sourceTree = "<group>";
		};
		F9F653691A280F03005F65F1 /* Supporting Files */ = {
			isa = PBXGroup;
			children = (
				F9F6536A1A280F03005F65F1 /* Info.plist */,
			);
			name = "Supporting Files";
			sourceTree = "<group>";
		};
/* End PBXGroup section */

/* Begin PBXNativeTarget section */
		F9F6534C1A280F03005F65F1 /* MyLog */ = {
			isa = PBXNativeTarget;
			buildConfigurationList = F9F6536F1A280F03005F65F1 /* Build configuration list for PBXNativeTarget "MyLog" */;
			buildPhases = (
				F9F653491A280F03005F65F1 /* Sources */,
				F9F6534A1A280F03005F65F1 /* Frameworks */,
				F9F6534B1A280F03005F65F1 /* Resources */,
			);
			buildRules = (
			);
			dependencies = (
			);
			name = MyLog;
			productName = MyLog;
			productReference = F9F6534D1A280F03005F65F1 /* MyLog.app */;
			productType = "com.apple.product-type.application";
		};
		F9F653641A280F03005F65F1 /* MyLogTests */ = {
			isa = PBXNativeTarget;
			buildConfigurationList = F9F653721A280F03005F65F1 /* Build configuration list for PBXNativeTarget "MyLogTests" */;
			buildPhases = (
				F9F653611A280F03005F65F1 /* Sources */,
				F9F653621A280F03005F65F1 /* Frameworks */,
				F9F653631A280F03005F65F1 /* Resources */,
			);
			buildRules = (
			);
			dependencies = (
				F9F653671A280F03005F65F1 /* PBXTargetDependency */,
			);
			name = MyLogTests;
			productName = MyLogTests;
			productReference = F9F653651A280F03005F65F1 /* MyLogTests.xctest */;
			productType = "com.apple.product-type.bundle.unit-test";
		};
/* End PBXNativeTarget section */

/* Begin PBXProject section */
		F9F653451A280F03005F65F1 /* Project object */ = {
			isa = PBXProject;
			attributes = {
				LastUpgradeCheck = 0610;
				ORGANIZATIONNAME = andyhu;
				TargetAttributes = {
					F9F6534C1A280F03005F65F1 = {
						CreatedOnToolsVersion = 6.1;
					};
					F9F653641A280F03005F65F1 = {
						CreatedOnToolsVersion = 6.1;
						TestTargetID = F9F6534C1A280F03005F65F1;
					};
				};
			};
			buildConfigurationList = F9F653481A280F03005F65F1 /* Build configuration list for PBXProject "MyLog" */;
			compatibilityVersion = "Xcode 3.2";
			developmentRegion = English;
			hasScannedForEncodings = 0;
			knownRegions = (
				en,
				Base,
			);
			mainGroup = F9F653441A280F03005F65F1;
			productRefGroup = F9F6534E1A280F03005F65F1 /* Products */;
			projectDirPath = "";
			projectRoot = "";
			targets = (
				F9F6534C1A280F03005F65F1 /* MyLog */,
				F9F653641A280F03005F65F1 /* MyLogTests */,
			);
		};
/* End PBXProject section */

/* Begin PBXResourcesBuildPhase section */
		F9F6534B1A280F03005F65F1 /* Resources */ = {
			isa = PBXResourcesBuildPhase;
			buildActionMask = 2147483647;
			files = (
				F9F6535B1A280F03005F65F1 /* Main.storyboard in Resources */,
				F9F653601A280F03005F65F1 /* LaunchScreen.xib in Resources */,
				F9F6535D1A280F03005F65F1 /* Images.xcassets in Resources */,
			);
			runOnlyForDeploymentPostprocessing = 0;
		};
		F9F653631A280F03005F65F1 /* Resources */ = {
			isa = PBXResourcesBuildPhase;
			buildActionMask = 2147483647;
			files = (
			);
			runOnlyForDeploymentPostprocessing = 0;
		};
/* End PBXResourcesBuildPhase section */

/* Begin PBXSourcesBuildPhase section */
		F9F653491A280F03005F65F1 /* Sources */ = {
			isa = PBXSourcesBuildPhase;
			buildActionMask = 2147483647;
			files = (
				F9F653581A280F03005F65F1 /* ViewController.swift in Sources */,
				F9F653561A280F03005F65F1 /* MyLog.xcdatamodeld in Sources */,
				F9F653531A280F03005F65F1 /* AppDelegate.swift in Sources */,
			);
			runOnlyForDeploymentPostprocessing = 0;
		};
		F9F653611A280F03005F65F1 /* Sources */ = {
			isa = PBXSourcesBuildPhase;
			buildActionMask = 2147483647;
			files = (
				F9F6536C1A280F03005F65F1 /* MyLogTests.swift in Sources */,
			);
			runOnlyForDeploymentPostprocessing = 0;
		};
/* End PBXSourcesBuildPhase section */

/* Begin PBXTargetDependency section */
		F9F653671A280F03005F65F1 /* PBXTargetDependency */ = {
			isa = PBXTargetDependency;
			target = F9F6534C1A280F03005F65F1 /* MyLog */;
			targetProxy = F9F653661A280F03005F65F1 /* PBXContainerItemProxy */;
		};
/* End PBXTargetDependency section */

/* Begin PBXVariantGroup section */
		F9F653591A280F03005F65F1 /* Main.storyboard */ = {
			isa = PBXVariantGroup;
			children = (
				F9F6535A1A280F03005F65F1 /* Base */,
			);
			name = Main.storyboard;
			sourceTree = "<group>";
		};
		F9F6535E1A280F03005F65F1 /* LaunchScreen.xib */ = {
			isa = PBXVariantGroup;
			children = (
				F9F6535F1A280F03005F65F1 /* Base */,
			);
			name = LaunchScreen.xib;
			sourceTree = "<group>";
		};
/* End PBXVariantGroup section */

/* Begin XCBuildConfiguration section */
		F9F6536D1A280F03005F65F1 /* Debug */ = {
			isa = XCBuildConfiguration;
			buildSettings = {
				ALWAYS_SEARCH_USER_PATHS = NO;
				CLANG_CXX_LANGUAGE_STANDARD = "gnu++0x";
				CLANG_CXX_LIBRARY = "libc++";
				CLANG_ENABLE_MODULES = YES;
				CLANG_ENABLE_OBJC_ARC = YES;
				CLANG_WARN_BOOL_CONVERSION = YES;
				CLANG_WARN_CONSTANT_CONVERSION = YES;
				CLANG_WARN_DIRECT_OBJC_ISA_USAGE = YES_ERROR;
				CLANG_WARN_EMPTY_BODY = YES;
				CLANG_WARN_ENUM_CONVERSION = YES;
				CLANG_WARN_INT_CONVERSION = YES;
				CLANG_WARN_OBJC_ROOT_CLASS = YES_ERROR;
				CLANG_WARN_UNREACHABLE_CODE = YES;
				CLANG_WARN__DUPLICATE_METHOD_MATCH = YES;
				"CODE_SIGN_IDENTITY[sdk=iphoneos*]" = "iPhone Developer";
				COPY_PHASE_STRIP = NO;
				ENABLE_STRICT_OBJC_MSGSEND = YES;
				GCC_C_LANGUAGE_STANDARD = gnu99;
				GCC_DYNAMIC_NO_PIC = NO;
				GCC_OPTIMIZATION_LEVEL = 0;
				GCC_PREPROCESSOR_DEFINITIONS = (
					"DEBUG=1",
					"$(inherited)",
				);
				GCC_SYMBOLS_PRIVATE_EXTERN = NO;
				GCC_WARN_64_TO_32_BIT_CONVERSION = YES;
				GCC_WARN_ABOUT_RETURN_TYPE = YES_ERROR;
				GCC_WARN_UNDECLARED_SELECTOR = YES;
				GCC_WARN_UNINITIALIZED_AUTOS = YES_AGGRESSIVE;
				GCC_WARN_UNUSED_FUNCTION = YES;
				GCC_WARN_UNUSED_VARIABLE = YES;
				IPHONEOS_DEPLOYMENT_TARGET = 8.1;
				MTL_ENABLE_DEBUG_INFO = YES;
				ONLY_ACTIVE_ARCH = YES;
				SDKROOT = iphoneos;
				SWIFT_OPTIMIZATION_LEVEL = "-Onone";
			};
			name = Debug;
		};
		F9F6536E1A280F03005F65F1 /* Release */ = {
			isa = XCBuildConfiguration;
			buildSettings = {
				ALWAYS_SEARCH_USER_PATHS = NO;
				CLANG_CXX_LANGUAGE_STANDARD = "gnu++0x";
				CLANG_CXX_LIBRARY = "libc++";
				CLANG_ENABLE_MODULES = YES;
				CLANG_ENABLE_OBJC_ARC = YES;
				CLANG_WARN_BOOL_CONVERSION = YES;
				CLANG_WARN_CONSTANT_CONVERSION = YES;
				CLANG_WARN_DIRECT_OBJC_ISA_USAGE = YES_ERROR;
				CLANG_WARN_EMPTY_BODY = YES;
				CLANG_WARN_ENUM_CONVERSION = YES;
				CLANG_WARN_INT_CONVERSION = YES;
				CLANG_WARN_OBJC_ROOT_CLASS = YES_ERROR;
				CLANG_WARN_UNREACHABLE_CODE = YES;
				CLANG_WARN__DUPLICATE_METHOD_MATCH = YES;
				"CODE_SIGN_IDENTITY[sdk=iphoneos*]" = "iPhone Developer";
				COPY_PHASE_STRIP = YES;
				ENABLE_NS_ASSERTIONS = NO;
				ENABLE_STRICT_OBJC_MSGSEND = YES;
				GCC_C_LANGUAGE_STANDARD = gnu99;
				GCC_WARN_64_TO_32_BIT_CONVERSION = YES;
				GCC_WARN_ABOUT_RETURN_TYPE = YES_ERROR;
				GCC_WARN_UNDECLARED_SELECTOR = YES;
				GCC_WARN_UNINITIALIZED_AUTOS = YES_AGGRESSIVE;
				GCC_WARN_UNUSED_FUNCTION = YES;
				GCC_WARN_UNUSED_VARIABLE = YES;
				IPHONEOS_DEPLOYMENT_TARGET = 8.1;
				MTL_ENABLE_DEBUG_INFO = NO;
				SDKROOT = iphoneos;
				VALIDATE_PRODUCT = YES;
			};
			name = Release;
		};
		F9F653701A280F03005F65F1 /* Debug */ = {
			isa = XCBuildConfiguration;
			buildSettings = {
				ASSETCATALOG_COMPILER_APPICON_NAME = AppIcon;
				INFOPLIST_FILE = MyLog/Info.plist;
				LD_RUNPATH_SEARCH_PATHS = "$(inherited) @executable_path/Frameworks";
				PRODUCT_NAME = "$(TARGET_NAME)";
			};
			name = Debug;
		};
		F9F653711A280F03005F65F1 /* Release */ = {
			isa = XCBuildConfiguration;
			buildSettings = {
				ASSETCATALOG_COMPILER_APPICON_NAME = AppIcon;
				INFOPLIST_FILE = MyLog/Info.plist;
				LD_RUNPATH_SEARCH_PATHS = "$(inherited) @executable_path/Frameworks";
				PRODUCT_NAME = "$(TARGET_NAME)";
			};
			name = Release;
		};
		F9F653731A280F03005F65F1 /* Debug */ = {
			isa = XCBuildConfiguration;
			buildSettings = {
				BUNDLE_LOADER = "$(TEST_HOST)";
				FRAMEWORK_SEARCH_PATHS = (
					"$(SDKROOT)/Developer/Library/Frameworks",
					"$(inherited)",
				);
				GCC_PREPROCESSOR_DEFINITIONS = (
					"DEBUG=1",
					"$(inherited)",
				);
				INFOPLIST_FILE = MyLogTests/Info.plist;
				LD_RUNPATH_SEARCH_PATHS = "$(inherited) @executable_path/Frameworks @loader_path/Frameworks";
				PRODUCT_NAME = "$(TARGET_NAME)";
				TEST_HOST = "$(BUILT_PRODUCTS_DIR)/MyLog.app/MyLog";
			};
			name = Debug;
		};
		F9F653741A280F03005F65F1 /* Release */ = {
			isa = XCBuildConfiguration;
			buildSettings = {
				BUNDLE_LOADER = "$(TEST_HOST)";
				FRAMEWORK_SEARCH_PATHS = (
					"$(SDKROOT)/Developer/Library/Frameworks",
					"$(inherited)",
				);
				INFOPLIST_FILE = MyLogTests/Info.plist;
				LD_RUNPATH_SEARCH_PATHS = "$(inherited) @executable_path/Frameworks @loader_path/Frameworks";
				PRODUCT_NAME = "$(TARGET_NAME)";
				TEST_HOST = "$(BUILT_PRODUCTS_DIR)/MyLog.app/MyLog";
			};
			name = Release;
		};
/* End XCBuildConfiguration section */

/* Begin XCConfigurationList section */
		F9F653481A280F03005F65F1 /* Build configuration list for PBXProject "MyLog" */ = {
			isa = XCConfigurationList;
			buildConfigurations = (
				F9F6536D1A280F03005F65F1 /* Debug */,
				F9F6536E1A280F03005F65F1 /* Release */,
			);
			defaultConfigurationIsVisible = 0;
			defaultConfigurationName = Release;
		};
		F9F6536F1A280F03005F65F1 /* Build configuration list for PBXNativeTarget "MyLog" */ = {
			isa = XCConfigurationList;
			buildConfigurations = (
				F9F653701A280F03005F65F1 /* Debug */,
				F9F653711A280F03005F65F1 /* Release */,
			);
			defaultConfigurationIsVisible = 0;
		};
		F9F653721A280F03005F65F1 /* Build configuration list for PBXNativeTarget "MyLogTests" */ = {
			isa = XCConfigurationList;
			buildConfigurations = (
				F9F653731A280F03005F65F1 /* Debug */,
				F9F653741A280F03005F65F1 /* Release */,
			);
			defaultConfigurationIsVisible = 0;
		};
/* End XCConfigurationList section */

/* Begin XCVersionGroup section */
		F9F653541A280F03005F65F1 /* MyLog.xcdatamodeld */ = {
			isa = XCVersionGroup;
			children = (
				F9F653551A280F03005F65F1 /* MyLog.xcdatamodel */,
			);
			currentVersion = F9F653551A280F03005F65F1 /* MyLog.xcdatamodel */;
			path = MyLog.xcdatamodeld;
			sourceTree = "<group>";
			versionGroupType = wrapper.xcdatamodel;
		};
/* End XCVersionGroup section */
	};
	rootObject = F9F653451A280F03005F65F1 /* Project object */;
}
