// !$*UTF8*$!
{
	archiveVersion = 1;
	classes = {
	};
	objectVersion = 46;
	objects = {

/* Begin PBXBuildFile section */
		F96E478A1A5572C900100E3A /* AppDelegate.swift in Sources */ = {isa = PBXBuildFile; fileRef = F96E47891A5572C900100E3A /* AppDelegate.swift */; };
		F96E478D1A5572C900100E3A /* TestRSstoryboard.xcdatamodeld in Sources */ = {isa = PBXBuildFile; fileRef = F96E478B1A5572C900100E3A /* TestRSstoryboard.xcdatamodeld */; };
		F96E478F1A5572C900100E3A /* ViewController.swift in Sources */ = {isa = PBXBuildFile; fileRef = F96E478E1A5572C900100E3A /* ViewController.swift */; };
		F96E47921A5572C900100E3A /* Main.storyboard in Resources */ = {isa = PBXBuildFile; fileRef = F96E47901A5572C900100E3A /* Main.storyboard */; };
		F96E47941A5572C900100E3A /* Images.xcassets in Resources */ = {isa = PBXBuildFile; fileRef = F96E47931A5572C900100E3A /* Images.xcassets */; };
		F96E47971A5572C900100E3A /* LaunchScreen.xib in Resources */ = {isa = PBXBuildFile; fileRef = F96E47951A5572C900100E3A /* LaunchScreen.xib */; };
		F96E47A31A5572C900100E3A /* TestRSstoryboardTests.swift in Sources */ = {isa = PBXBuildFile; fileRef = F96E47A21A5572C900100E3A /* TestRSstoryboardTests.swift */; };
		F96E47B11A55749C00100E3A /* one.storyboard in Resources */ = {isa = PBXBuildFile; fileRef = F96E47B01A55749C00100E3A /* one.storyboard */; };
		F96E47B31A55755700100E3A /* two.storyboard in Resources */ = {isa = PBXBuildFile; fileRef = F96E47B21A55755700100E3A /* two.storyboard */; };
/* End PBXBuildFile section */

/* Begin PBXContainerItemProxy section */
		F96E479D1A5572C900100E3A /* PBXContainerItemProxy */ = {
			isa = PBXContainerItemProxy;
			containerPortal = F96E477C1A5572C900100E3A /* Project object */;
			proxyType = 1;
			remoteGlobalIDString = F96E47831A5572C900100E3A;
			remoteInfo = TestRSstoryboard;
		};
/* End PBXContainerItemProxy section */

/* Begin PBXFileReference section */
		F96E47841A5572C900100E3A /* TestRSstoryboard.app */ = {isa = PBXFileReference; explicitFileType = wrapper.application; includeInIndex = 0; path = TestRSstoryboard.app; sourceTree = BUILT_PRODUCTS_DIR; };
		F96E47881A5572C900100E3A /* Info.plist */ = {isa = PBXFileReference; lastKnownFileType = text.plist.xml; path = Info.plist; sourceTree = "<group>"; };
		F96E47891A5572C900100E3A /* AppDelegate.swift */ = {isa = PBXFileReference; lastKnownFileType = sourcecode.swift; path = AppDelegate.swift; sourceTree = "<group>"; };
		F96E478C1A5572C900100E3A /* TestRSstoryboard.xcdatamodel */ = {isa = PBXFileReference; lastKnownFileType = wrapper.xcdatamodel; path = TestRSstoryboard.xcdatamodel; sourceTree = "<group>"; };
		F96E478E1A5572C900100E3A /* ViewController.swift */ = {isa = PBXFileReference; lastKnownFileType = sourcecode.swift; path = ViewController.swift; sourceTree = "<group>"; };
		F96E47911A5572C900100E3A /* Base */ = {isa = PBXFileReference; lastKnownFileType = file.storyboard; name = Base; path = Base.lproj/Main.storyboard; sourceTree = "<group>"; };
		F96E47931A5572C900100E3A /* Images.xcassets */ = {isa = PBXFileReference; lastKnownFileType = folder.assetcatalog; path = Images.xcassets; sourceTree = "<group>"; };
		F96E47961A5572C900100E3A /* Base */ = {isa = PBXFileReference; lastKnownFileType = file.xib; name = Base; path = Base.lproj/LaunchScreen.xib; sourceTree = "<group>"; };
		F96E479C1A5572C900100E3A /* TestRSstoryboardTests.xctest */ = {isa = PBXFileReference; explicitFileType = wrapper.cfbundle; includeInIndex = 0; path = TestRSstoryboardTests.xctest; sourceTree = BUILT_PRODUCTS_DIR; };
		F96E47A11A5572C900100E3A /* Info.plist */ = {isa = PBXFileReference; lastKnownFileType = text.plist.xml; path = Info.plist; sourceTree = "<group>"; };
		F96E47A21A5572C900100E3A /* TestRSstoryboardTests.swift */ = {isa = PBXFileReference; lastKnownFileType = sourcecode.swift; path = TestRSstoryboardTests.swift; sourceTree = "<group>"; };
		F96E47B01A55749C00100E3A /* one.storyboard */ = {isa = PBXFileReference; fileEncoding = 4; lastKnownFileType = file.storyboard; path = one.storyboard; sourceTree = "<group>"; };
		F96E47B21A55755700100E3A /* two.storyboard */ = {isa = PBXFileReference; fileEncoding = 4; lastKnownFileType = file.storyboard; path = two.storyboard; sourceTree = "<group>"; };
/* End PBXFileReference section */

/* Begin PBXFrameworksBuildPhase section */
		F96E47811A5572C900100E3A /* Frameworks */ = {
			isa = PBXFrameworksBuildPhase;
			buildActionMask = 2147483647;
			files = (
			);
			runOnlyForDeploymentPostprocessing = 0;
		};
		F96E47991A5572C900100E3A /* Frameworks */ = {
			isa = PBXFrameworksBuildPhase;
			buildActionMask = 2147483647;
			files = (
			);
			runOnlyForDeploymentPostprocessing = 0;
		};
/* End PBXFrameworksBuildPhase section */

/* Begin PBXGroup section */
		F96E477B1A5572C900100E3A = {
			isa = PBXGroup;
			children = (
				F96E47861A5572C900100E3A /* TestRSstoryboard */,
				F96E479F1A5572C900100E3A /* TestRSstoryboardTests */,
				F96E47851A5572C900100E3A /* Products */,
			);
			sourceTree = "<group>";
		};
		F96E47851A5572C900100E3A /* Products */ = {
			isa = PBXGroup;
			children = (
				F96E47841A5572C900100E3A /* TestRSstoryboard.app */,
				F96E479C1A5572C900100E3A /* TestRSstoryboardTests.xctest */,
			);
			name = Products;
			sourceTree = "<group>";
		};
		F96E47861A5572C900100E3A /* TestRSstoryboard */ = {
			isa = PBXGroup;
			children = (
				F96E47891A5572C900100E3A /* AppDelegate.swift */,
				F96E478E1A5572C900100E3A /* ViewController.swift */,
				F96E47901A5572C900100E3A /* Main.storyboard */,
				F96E47931A5572C900100E3A /* Images.xcassets */,
				F96E47951A5572C900100E3A /* LaunchScreen.xib */,
				F96E478B1A5572C900100E3A /* TestRSstoryboard.xcdatamodeld */,
				F96E47871A5572C900100E3A /* Supporting Files */,
				F96E47B01A55749C00100E3A /* one.storyboard */,
				F96E47B21A55755700100E3A /* two.storyboard */,
			);
			path = TestRSstoryboard;
			sourceTree = "<group>";
		};
		F96E47871A5572C900100E3A /* Supporting Files */ = {
			isa = PBXGroup;
			children = (
				F96E47881A5572C900100E3A /* Info.plist */,
			);
			name = "Supporting Files";
			sourceTree = "<group>";
		};
		F96E479F1A5572C900100E3A /* TestRSstoryboardTests */ = {
			isa = PBXGroup;
			children = (
				F96E47A21A5572C900100E3A /* TestRSstoryboardTests.swift */,
				F96E47A01A5572C900100E3A /* Supporting Files */,
			);
			path = TestRSstoryboardTests;
			sourceTree = "<group>";
		};
		F96E47A01A5572C900100E3A /* Supporting Files */ = {
			isa = PBXGroup;
			children = (
				F96E47A11A5572C900100E3A /* Info.plist */,
			);
			name = "Supporting Files";
			sourceTree = "<group>";
		};
/* End PBXGroup section */

/* Begin PBXNativeTarget section */
		F96E47831A5572C900100E3A /* TestRSstoryboard */ = {
			isa = PBXNativeTarget;
			buildConfigurationList = F96E47A61A5572C900100E3A /* Build configuration list for PBXNativeTarget "TestRSstoryboard" */;
			buildPhases = (
				F96E47801A5572C900100E3A /* Sources */,
				F96E47811A5572C900100E3A /* Frameworks */,
				F96E47821A5572C900100E3A /* Resources */,
			);
			buildRules = (
			);
			dependencies = (
			);
			name = TestRSstoryboard;
			productName = TestRSstoryboard;
			productReference = F96E47841A5572C900100E3A /* TestRSstoryboard.app */;
			productType = "com.apple.product-type.application";
		};
		F96E479B1A5572C900100E3A /* TestRSstoryboardTests */ = {
			isa = PBXNativeTarget;
			buildConfigurationList = F96E47A91A5572C900100E3A /* Build configuration list for PBXNativeTarget "TestRSstoryboardTests" */;
			buildPhases = (
				F96E47981A5572C900100E3A /* Sources */,
				F96E47991A5572C900100E3A /* Frameworks */,
				F96E479A1A5572C900100E3A /* Resources */,
			);
			buildRules = (
			);
			dependencies = (
				F96E479E1A5572C900100E3A /* PBXTargetDependency */,
			);
			name = TestRSstoryboardTests;
			productName = TestRSstoryboardTests;
			productReference = F96E479C1A5572C900100E3A /* TestRSstoryboardTests.xctest */;
			productType = "com.apple.product-type.bundle.unit-test";
		};
/* End PBXNativeTarget section */

/* Begin PBXProject section */
		F96E477C1A5572C900100E3A /* Project object */ = {
			isa = PBXProject;
			attributes = {
				LastUpgradeCheck = 0610;
				ORGANIZATIONNAME = andyhu;
				TargetAttributes = {
					F96E47831A5572C900100E3A = {
						CreatedOnToolsVersion = 6.1;
					};
					F96E479B1A5572C900100E3A = {
						CreatedOnToolsVersion = 6.1;
						TestTargetID = F96E47831A5572C900100E3A;
					};
				};
			};
			buildConfigurationList = F96E477F1A5572C900100E3A /* Build configuration list for PBXProject "TestRSstoryboard" */;
			compatibilityVersion = "Xcode 3.2";
			developmentRegion = English;
			hasScannedForEncodings = 0;
			knownRegions = (
				en,
				Base,
			);
			mainGroup = F96E477B1A5572C900100E3A;
			productRefGroup = F96E47851A5572C900100E3A /* Products */;
			projectDirPath = "";
			projectRoot = "";
			targets = (
				F96E47831A5572C900100E3A /* TestRSstoryboard */,
				F96E479B1A5572C900100E3A /* TestRSstoryboardTests */,
			);
		};
/* End PBXProject section */

/* Begin PBXResourcesBuildPhase section */
		F96E47821A5572C900100E3A /* Resources */ = {
			isa = PBXResourcesBuildPhase;
			buildActionMask = 2147483647;
			files = (
				F96E47921A5572C900100E3A /* Main.storyboard in Resources */,
				F96E47971A5572C900100E3A /* LaunchScreen.xib in Resources */,
				F96E47B31A55755700100E3A /* two.storyboard in Resources */,
				F96E47941A5572C900100E3A /* Images.xcassets in Resources */,
				F96E47B11A55749C00100E3A /* one.storyboard in Resources */,
			);
			runOnlyForDeploymentPostprocessing = 0;
		};
		F96E479A1A5572C900100E3A /* Resources */ = {
			isa = PBXResourcesBuildPhase;
			buildActionMask = 2147483647;
			files = (
			);
			runOnlyForDeploymentPostprocessing = 0;
		};
/* End PBXResourcesBuildPhase section */

/* Begin PBXSourcesBuildPhase section */
		F96E47801A5572C900100E3A /* Sources */ = {
			isa = PBXSourcesBuildPhase;
			buildActionMask = 2147483647;
			files = (
				F96E478F1A5572C900100E3A /* ViewController.swift in Sources */,
				F96E478A1A5572C900100E3A /* AppDelegate.swift in Sources */,
				F96E478D1A5572C900100E3A /* TestRSstoryboard.xcdatamodeld in Sources */,
			);
			runOnlyForDeploymentPostprocessing = 0;
		};
		F96E47981A5572C900100E3A /* Sources */ = {
			isa = PBXSourcesBuildPhase;
			buildActionMask = 2147483647;
			files = (
				F96E47A31A5572C900100E3A /* TestRSstoryboardTests.swift in Sources */,
			);
			runOnlyForDeploymentPostprocessing = 0;
		};
/* End PBXSourcesBuildPhase section */

/* Begin PBXTargetDependency section */
		F96E479E1A5572C900100E3A /* PBXTargetDependency */ = {
			isa = PBXTargetDependency;
			target = F96E47831A5572C900100E3A /* TestRSstoryboard */;
			targetProxy = F96E479D1A5572C900100E3A /* PBXContainerItemProxy */;
		};
/* End PBXTargetDependency section */

/* Begin PBXVariantGroup section */
		F96E47901A5572C900100E3A /* Main.storyboard */ = {
			isa = PBXVariantGroup;
			children = (
				F96E47911A5572C900100E3A /* Base */,
			);
			name = Main.storyboard;
			sourceTree = "<group>";
		};
		F96E47951A5572C900100E3A /* LaunchScreen.xib */ = {
			isa = PBXVariantGroup;
			children = (
				F96E47961A5572C900100E3A /* Base */,
			);
			name = LaunchScreen.xib;
			sourceTree = "<group>";
		};
/* End PBXVariantGroup section */

/* Begin XCBuildConfiguration section */
		F96E47A41A5572C900100E3A /* Debug */ = {
			isa = XCBuildConfiguration;
			buildSettings = {
				ALWAYS_SEARCH_USER_PATHS = NO;
				CLANG_CXX_LANGUAGE_STANDARD = "gnu++0x";
				CLANG_CXX_LIBRARY = "libc++";
				CLANG_ENABLE_MODULES = YES;
				CLANG_ENABLE_OBJC_ARC = YES;
				CLANG_WARN_BOOL_CONVERSION = YES;
				CLANG_WARN_CONSTANT_CONVERSION = YES;
				CLANG_WARN_DIRECT_OBJC_ISA_USAGE = YES_ERROR;
				CLANG_WARN_EMPTY_BODY = YES;
				CLANG_WARN_ENUM_CONVERSION = YES;
				CLANG_WARN_INT_CONVERSION = YES;
				CLANG_WARN_OBJC_ROOT_CLASS = YES_ERROR;
				CLANG_WARN_UNREACHABLE_CODE = YES;
				CLANG_WARN__DUPLICATE_METHOD_MATCH = YES;
				"CODE_SIGN_IDENTITY[sdk=iphoneos*]" = "iPhone Developer";
				COPY_PHASE_STRIP = NO;
				ENABLE_STRICT_OBJC_MSGSEND = YES;
				GCC_C_LANGUAGE_STANDARD = gnu99;
				GCC_DYNAMIC_NO_PIC = NO;
				GCC_OPTIMIZATION_LEVEL = 0;
				GCC_PREPROCESSOR_DEFINITIONS = (
					"DEBUG=1",
					"$(inherited)",
				);
				GCC_SYMBOLS_PRIVATE_EXTERN = NO;
				GCC_WARN_64_TO_32_BIT_CONVERSION = YES;
				GCC_WARN_ABOUT_RETURN_TYPE = YES_ERROR;
				GCC_WARN_UNDECLARED_SELECTOR = YES;
				GCC_WARN_UNINITIALIZED_AUTOS = YES_AGGRESSIVE;
				GCC_WARN_UNUSED_FUNCTION = YES;
				GCC_WARN_UNUSED_VARIABLE = YES;
				IPHONEOS_DEPLOYMENT_TARGET = 8.1;
				MTL_ENABLE_DEBUG_INFO = YES;
				ONLY_ACTIVE_ARCH = YES;
				SDKROOT = iphoneos;
				SWIFT_OPTIMIZATION_LEVEL = "-Onone";
			};
			name = Debug;
		};
		F96E47A51A5572C900100E3A /* Release */ = {
			isa = XCBuildConfiguration;
			buildSettings = {
				ALWAYS_SEARCH_USER_PATHS = NO;
				CLANG_CXX_LANGUAGE_STANDARD = "gnu++0x";
				CLANG_CXX_LIBRARY = "libc++";
				CLANG_ENABLE_MODULES = YES;
				CLANG_ENABLE_OBJC_ARC = YES;
				CLANG_WARN_BOOL_CONVERSION = YES;
				CLANG_WARN_CONSTANT_CONVERSION = YES;
				CLANG_WARN_DIRECT_OBJC_ISA_USAGE = YES_ERROR;
				CLANG_WARN_EMPTY_BODY = YES;
				CLANG_WARN_ENUM_CONVERSION = YES;
				CLANG_WARN_INT_CONVERSION = YES;
				CLANG_WARN_OBJC_ROOT_CLASS = YES_ERROR;
				CLANG_WARN_UNREACHABLE_CODE = YES;
				CLANG_WARN__DUPLICATE_METHOD_MATCH = YES;
				"CODE_SIGN_IDENTITY[sdk=iphoneos*]" = "iPhone Developer";
				COPY_PHASE_STRIP = YES;
				ENABLE_NS_ASSERTIONS = NO;
				ENABLE_STRICT_OBJC_MSGSEND = YES;
				GCC_C_LANGUAGE_STANDARD = gnu99;
				GCC_WARN_64_TO_32_BIT_CONVERSION = YES;
				GCC_WARN_ABOUT_RETURN_TYPE = YES_ERROR;
				GCC_WARN_UNDECLARED_SELECTOR = YES;
				GCC_WARN_UNINITIALIZED_AUTOS = YES_AGGRESSIVE;
				GCC_WARN_UNUSED_FUNCTION = YES;
				GCC_WARN_UNUSED_VARIABLE = YES;
				IPHONEOS_DEPLOYMENT_TARGET = 8.1;
				MTL_ENABLE_DEBUG_INFO = NO;
				SDKROOT = iphoneos;
				VALIDATE_PRODUCT = YES;
			};
			name = Release;
		};
		F96E47A71A5572C900100E3A /* Debug */ = {
			isa = XCBuildConfiguration;
			buildSettings = {
				ASSETCATALOG_COMPILER_APPICON_NAME = AppIcon;
				INFOPLIST_FILE = TestRSstoryboard/Info.plist;
				LD_RUNPATH_SEARCH_PATHS = "$(inherited) @executable_path/Frameworks";
				PRODUCT_NAME = "$(TARGET_NAME)";
			};
			name = Debug;
		};
		F96E47A81A5572C900100E3A /* Release */ = {
			isa = XCBuildConfiguration;
			buildSettings = {
				ASSETCATALOG_COMPILER_APPICON_NAME = AppIcon;
				INFOPLIST_FILE = TestRSstoryboard/Info.plist;
				LD_RUNPATH_SEARCH_PATHS = "$(inherited) @executable_path/Frameworks";
				PRODUCT_NAME = "$(TARGET_NAME)";
			};
			name = Release;
		};
		F96E47AA1A5572C900100E3A /* Debug */ = {
			isa = XCBuildConfiguration;
			buildSettings = {
				BUNDLE_LOADER = "$(TEST_HOST)";
				FRAMEWORK_SEARCH_PATHS = (
					"$(SDKROOT)/Developer/Library/Frameworks",
					"$(inherited)",
				);
				GCC_PREPROCESSOR_DEFINITIONS = (
					"DEBUG=1",
					"$(inherited)",
				);
				INFOPLIST_FILE = TestRSstoryboardTests/Info.plist;
				LD_RUNPATH_SEARCH_PATHS = "$(inherited) @executable_path/Frameworks @loader_path/Frameworks";
				PRODUCT_NAME = "$(TARGET_NAME)";
				TEST_HOST = "$(BUILT_PRODUCTS_DIR)/TestRSstoryboard.app/TestRSstoryboard";
			};
			name = Debug;
		};
		F96E47AB1A5572C900100E3A /* Release */ = {
			isa = XCBuildConfiguration;
			buildSettings = {
				BUNDLE_LOADER = "$(TEST_HOST)";
				FRAMEWORK_SEARCH_PATHS = (
					"$(SDKROOT)/Developer/Library/Frameworks",
					"$(inherited)",
				);
				INFOPLIST_FILE = TestRSstoryboardTests/Info.plist;
				LD_RUNPATH_SEARCH_PATHS = "$(inherited) @executable_path/Frameworks @loader_path/Frameworks";
				PRODUCT_NAME = "$(TARGET_NAME)";
				TEST_HOST = "$(BUILT_PRODUCTS_DIR)/TestRSstoryboard.app/TestRSstoryboard";
			};
			name = Release;
		};
/* End XCBuildConfiguration section */

/* Begin XCConfigurationList section */
		F96E477F1A5572C900100E3A /* Build configuration list for PBXProject "TestRSstoryboard" */ = {
			isa = XCConfigurationList;
			buildConfigurations = (
				F96E47A41A5572C900100E3A /* Debug */,
				F96E47A51A5572C900100E3A /* Release */,
			);
			defaultConfigurationIsVisible = 0;
			defaultConfigurationName = Release;
		};
		F96E47A61A5572C900100E3A /* Build configuration list for PBXNativeTarget "TestRSstoryboard" */ = {
			isa = XCConfigurationList;
			buildConfigurations = (
				F96E47A71A5572C900100E3A /* Debug */,
				F96E47A81A5572C900100E3A /* Release */,
			);
			defaultConfigurationIsVisible = 0;
		};
		F96E47A91A5572C900100E3A /* Build configuration list for PBXNativeTarget "TestRSstoryboardTests" */ = {
			isa = XCConfigurationList;
			buildConfigurations = (
				F96E47AA1A5572C900100E3A /* Debug */,
				F96E47AB1A5572C900100E3A /* Release */,
			);
			defaultConfigurationIsVisible = 0;
		};
/* End XCConfigurationList section */

/* Begin XCVersionGroup section */
		F96E478B1A5572C900100E3A /* TestRSstoryboard.xcdatamodeld */ = {
			isa = XCVersionGroup;
			children = (
				F96E478C1A5572C900100E3A /* TestRSstoryboard.xcdatamodel */,
			);
			currentVersion = F96E478C1A5572C900100E3A /* TestRSstoryboard.xcdatamodel */;
			path = TestRSstoryboard.xcdatamodeld;
			sourceTree = "<group>";
			versionGroupType = wrapper.xcdatamodel;
		};
/* End XCVersionGroup section */
	};
	rootObject = F96E477C1A5572C900100E3A /* Project object */;
}
