// !$*UTF8*$!
{
	archiveVersion = 1;
	classes = {
	};
	objectVersion = 46;
	objects = {

/* Begin PBXBuildFile section */
		AFCEA1734D89410976169E88 /* libPods.a in Frameworks */ = {isa = PBXBuildFile; fileRef = DFB9ACD04752F626C6A6D795 /* libPods.a */; };
		F929991B1A59340000EB0ED0 /* VideoDetailViewController.swift in Sources */ = {isa = PBXBuildFile; fileRef = F929991A1A59340000EB0ED0 /* VideoDetailViewController.swift */; };
		F96E47C71A569C9800100E3A /* AppDelegate.swift in Sources */ = {isa = PBXBuildFile; fileRef = F96E47C61A569C9800100E3A /* AppDelegate.swift */; };
		F96E47CA1A569C9800100E3A /* RBStoryboarLinkDemo2.xcdatamodeld in Sources */ = {isa = PBXBuildFile; fileRef = F96E47C81A569C9800100E3A /* RBStoryboarLinkDemo2.xcdatamodeld */; };
		F96E47CC1A569C9800100E3A /* ViewController.swift in Sources */ = {isa = PBXBuildFile; fileRef = F96E47CB1A569C9800100E3A /* ViewController.swift */; };
		F96E47CF1A569C9800100E3A /* Main.storyboard in Resources */ = {isa = PBXBuildFile; fileRef = F96E47CD1A569C9800100E3A /* Main.storyboard */; };
		F96E47D11A569C9800100E3A /* Images.xcassets in Resources */ = {isa = PBXBuildFile; fileRef = F96E47D01A569C9800100E3A /* Images.xcassets */; };
		F96E47D41A569C9800100E3A /* LaunchScreen.xib in Resources */ = {isa = PBXBuildFile; fileRef = F96E47D21A569C9800100E3A /* LaunchScreen.xib */; };
		F96E47E01A569C9800100E3A /* RBStoryboarLinkDemo2Tests.swift in Sources */ = {isa = PBXBuildFile; fileRef = F96E47DF1A569C9800100E3A /* RBStoryboarLinkDemo2Tests.swift */; };
		F96E47EA1A569CB300100E3A /* news.storyboard in Resources */ = {isa = PBXBuildFile; fileRef = F96E47E91A569CB300100E3A /* news.storyboard */; };
		F96E47EC1A569CBA00100E3A /* video.storyboard in Resources */ = {isa = PBXBuildFile; fileRef = F96E47EB1A569CBA00100E3A /* video.storyboard */; };
		F96E47F41A57C83100100E3A /* VideoTableViewController.swift in Sources */ = {isa = PBXBuildFile; fileRef = F96E47F31A57C83100100E3A /* VideoTableViewController.swift */; };
		F96E47F61A57CC8000100E3A /* HttpController.swift in Sources */ = {isa = PBXBuildFile; fileRef = F96E47F51A57CC8000100E3A /* HttpController.swift */; };
		F96E47F81A58D3C100100E3A /* VideoTableViewCell.swift in Sources */ = {isa = PBXBuildFile; fileRef = F96E47F71A58D3C100100E3A /* VideoTableViewCell.swift */; };
/* End PBXBuildFile section */

/* Begin PBXContainerItemProxy section */
		F96E47DA1A569C9800100E3A /* PBXContainerItemProxy */ = {
			isa = PBXContainerItemProxy;
			containerPortal = F96E47B91A569C9800100E3A /* Project object */;
			proxyType = 1;
			remoteGlobalIDString = F96E47C01A569C9800100E3A;
			remoteInfo = RBStoryboarLinkDemo2;
		};
/* End PBXContainerItemProxy section */

/* Begin PBXFileReference section */
		04C583E97C514F66FAE536F1 /* Pods.release.xcconfig */ = {isa = PBXFileReference; includeInIndex = 1; lastKnownFileType = text.xcconfig; name = Pods.release.xcconfig; path = "Pods/Target Support Files/Pods/Pods.release.xcconfig"; sourceTree = "<group>"; };
		602FF4F0BF44A31904520984 /* Pods.debug.xcconfig */ = {isa = PBXFileReference; includeInIndex = 1; lastKnownFileType = text.xcconfig; name = Pods.debug.xcconfig; path = "Pods/Target Support Files/Pods/Pods.debug.xcconfig"; sourceTree = "<group>"; };
		DFB9ACD04752F626C6A6D795 /* libPods.a */ = {isa = PBXFileReference; explicitFileType = archive.ar; includeInIndex = 0; path = libPods.a; sourceTree = BUILT_PRODUCTS_DIR; };
		F929991A1A59340000EB0ED0 /* VideoDetailViewController.swift */ = {isa = PBXFileReference; fileEncoding = 4; lastKnownFileType = sourcecode.swift; path = VideoDetailViewController.swift; sourceTree = "<group>"; };
		F96E47C11A569C9800100E3A /* RBStoryboarLinkDemo2.app */ = {isa = PBXFileReference; explicitFileType = wrapper.application; includeInIndex = 0; path = RBStoryboarLinkDemo2.app; sourceTree = BUILT_PRODUCTS_DIR; };
		F96E47C51A569C9800100E3A /* Info.plist */ = {isa = PBXFileReference; lastKnownFileType = text.plist.xml; path = Info.plist; sourceTree = "<group>"; };
		F96E47C61A569C9800100E3A /* AppDelegate.swift */ = {isa = PBXFileReference; lastKnownFileType = sourcecode.swift; path = AppDelegate.swift; sourceTree = "<group>"; };
		F96E47C91A569C9800100E3A /* RBStoryboarLinkDemo2.xcdatamodel */ = {isa = PBXFileReference; lastKnownFileType = wrapper.xcdatamodel; path = RBStoryboarLinkDemo2.xcdatamodel; sourceTree = "<group>"; };
		F96E47CB1A569C9800100E3A /* ViewController.swift */ = {isa = PBXFileReference; lastKnownFileType = sourcecode.swift; path = ViewController.swift; sourceTree = "<group>"; };
		F96E47CE1A569C9800100E3A /* Base */ = {isa = PBXFileReference; lastKnownFileType = file.storyboard; name = Base; path = Base.lproj/Main.storyboard; sourceTree = "<group>"; };
		F96E47D01A569C9800100E3A /* Images.xcassets */ = {isa = PBXFileReference; lastKnownFileType = folder.assetcatalog; path = Images.xcassets; sourceTree = "<group>"; };
		F96E47D31A569C9800100E3A /* Base */ = {isa = PBXFileReference; lastKnownFileType = file.xib; name = Base; path = Base.lproj/LaunchScreen.xib; sourceTree = "<group>"; };
		F96E47D91A569C9800100E3A /* RBStoryboarLinkDemo2Tests.xctest */ = {isa = PBXFileReference; explicitFileType = wrapper.cfbundle; includeInIndex = 0; path = RBStoryboarLinkDemo2Tests.xctest; sourceTree = BUILT_PRODUCTS_DIR; };
		F96E47DE1A569C9800100E3A /* Info.plist */ = {isa = PBXFileReference; lastKnownFileType = text.plist.xml; path = Info.plist; sourceTree = "<group>"; };
		F96E47DF1A569C9800100E3A /* RBStoryboarLinkDemo2Tests.swift */ = {isa = PBXFileReference; lastKnownFileType = sourcecode.swift; path = RBStoryboarLinkDemo2Tests.swift; sourceTree = "<group>"; };
		F96E47E91A569CB300100E3A /* news.storyboard */ = {isa = PBXFileReference; fileEncoding = 4; lastKnownFileType = file.storyboard; path = news.storyboard; sourceTree = "<group>"; };
		F96E47EB1A569CBA00100E3A /* video.storyboard */ = {isa = PBXFileReference; fileEncoding = 4; lastKnownFileType = file.storyboard; path = video.storyboard; sourceTree = "<group>"; };
		F96E47F31A57C83100100E3A /* VideoTableViewController.swift */ = {isa = PBXFileReference; fileEncoding = 4; lastKnownFileType = sourcecode.swift; path = VideoTableViewController.swift; sourceTree = "<group>"; };
		F96E47F51A57CC8000100E3A /* HttpController.swift */ = {isa = PBXFileReference; fileEncoding = 4; lastKnownFileType = sourcecode.swift; path = HttpController.swift; sourceTree = "<group>"; };
		F96E47F71A58D3C100100E3A /* VideoTableViewCell.swift */ = {isa = PBXFileReference; fileEncoding = 4; lastKnownFileType = sourcecode.swift; path = VideoTableViewCell.swift; sourceTree = "<group>"; };
/* End PBXFileReference section */

/* Begin PBXFrameworksBuildPhase section */
		F96E47BE1A569C9800100E3A /* Frameworks */ = {
			isa = PBXFrameworksBuildPhase;
			buildActionMask = 2147483647;
			files = (
				AFCEA1734D89410976169E88 /* libPods.a in Frameworks */,
			);
			runOnlyForDeploymentPostprocessing = 0;
		};
		F96E47D61A569C9800100E3A /* Frameworks */ = {
			isa = PBXFrameworksBuildPhase;
			buildActionMask = 2147483647;
			files = (
			);
			runOnlyForDeploymentPostprocessing = 0;
		};
/* End PBXFrameworksBuildPhase section */

/* Begin PBXGroup section */
		21E7D268FBB65B155D3FAFF6 /* Pods */ = {
			isa = PBXGroup;
			children = (
				602FF4F0BF44A31904520984 /* Pods.debug.xcconfig */,
				04C583E97C514F66FAE536F1 /* Pods.release.xcconfig */,
			);
			name = Pods;
			sourceTree = "<group>";
		};
		F96E47B81A569C9800100E3A = {
			isa = PBXGroup;
			children = (
				F96E47C31A569C9800100E3A /* RBStoryboarLinkDemo2 */,
				F96E47DC1A569C9800100E3A /* RBStoryboarLinkDemo2Tests */,
				F96E47C21A569C9800100E3A /* Products */,
				21E7D268FBB65B155D3FAFF6 /* Pods */,
				FFFA0BE484E42087A9A6751C /* Frameworks */,
			);
			sourceTree = "<group>";
		};
		F96E47C21A569C9800100E3A /* Products */ = {
			isa = PBXGroup;
			children = (
				F96E47C11A569C9800100E3A /* RBStoryboarLinkDemo2.app */,
				F96E47D91A569C9800100E3A /* RBStoryboarLinkDemo2Tests.xctest */,
			);
			name = Products;
			sourceTree = "<group>";
		};
		F96E47C31A569C9800100E3A /* RBStoryboarLinkDemo2 */ = {
			isa = PBXGroup;
			children = (
				F96E47C61A569C9800100E3A /* AppDelegate.swift */,
				F96E47CB1A569C9800100E3A /* ViewController.swift */,
				F96E47CD1A569C9800100E3A /* Main.storyboard */,
				F96E47D01A569C9800100E3A /* Images.xcassets */,
				F96E47D21A569C9800100E3A /* LaunchScreen.xib */,
				F96E47C81A569C9800100E3A /* RBStoryboarLinkDemo2.xcdatamodeld */,
				F96E47C41A569C9800100E3A /* Supporting Files */,
				F96E47E91A569CB300100E3A /* news.storyboard */,
				F96E47EB1A569CBA00100E3A /* video.storyboard */,
				F96E47F31A57C83100100E3A /* VideoTableViewController.swift */,
				F96E47F71A58D3C100100E3A /* VideoTableViewCell.swift */,
				F96E47F51A57CC8000100E3A /* HttpController.swift */,
				F929991A1A59340000EB0ED0 /* VideoDetailViewController.swift */,
			);
			path = RBStoryboarLinkDemo2;
			sourceTree = "<group>";
		};
		F96E47C41A569C9800100E3A /* Supporting Files */ = {
			isa = PBXGroup;
			children = (
				F96E47C51A569C9800100E3A /* Info.plist */,
			);
			name = "Supporting Files";
			sourceTree = "<group>";
		};
		F96E47DC1A569C9800100E3A /* RBStoryboarLinkDemo2Tests */ = {
			isa = PBXGroup;
			children = (
				F96E47DF1A569C9800100E3A /* RBStoryboarLinkDemo2Tests.swift */,
				F96E47DD1A569C9800100E3A /* Supporting Files */,
			);
			path = RBStoryboarLinkDemo2Tests;
			sourceTree = "<group>";
		};
		F96E47DD1A569C9800100E3A /* Supporting Files */ = {
			isa = PBXGroup;
			children = (
				F96E47DE1A569C9800100E3A /* Info.plist */,
			);
			name = "Supporting Files";
			sourceTree = "<group>";
		};
		FFFA0BE484E42087A9A6751C /* Frameworks */ = {
			isa = PBXGroup;
			children = (
				DFB9ACD04752F626C6A6D795 /* libPods.a */,
			);
			name = Frameworks;
			sourceTree = "<group>";
		};
/* End PBXGroup section */

/* Begin PBXNativeTarget section */
		F96E47C01A569C9800100E3A /* RBStoryboarLinkDemo2 */ = {
			isa = PBXNativeTarget;
			buildConfigurationList = F96E47E31A569C9800100E3A /* Build configuration list for PBXNativeTarget "RBStoryboarLinkDemo2" */;
			buildPhases = (
				FC3F0557CA2B3E408DFA9222 /* Check Pods Manifest.lock */,
				F96E47BD1A569C9800100E3A /* Sources */,
				F96E47BE1A569C9800100E3A /* Frameworks */,
				F96E47BF1A569C9800100E3A /* Resources */,
				0EF12A6BAEC6A1DFB3C7FD38 /* Copy Pods Resources */,
			);
			buildRules = (
			);
			dependencies = (
			);
			name = RBStoryboarLinkDemo2;
			productName = RBStoryboarLinkDemo2;
			productReference = F96E47C11A569C9800100E3A /* RBStoryboarLinkDemo2.app */;
			productType = "com.apple.product-type.application";
		};
		F96E47D81A569C9800100E3A /* RBStoryboarLinkDemo2Tests */ = {
			isa = PBXNativeTarget;
			buildConfigurationList = F96E47E61A569C9800100E3A /* Build configuration list for PBXNativeTarget "RBStoryboarLinkDemo2Tests" */;
			buildPhases = (
				F96E47D51A569C9800100E3A /* Sources */,
				F96E47D61A569C9800100E3A /* Frameworks */,
				F96E47D71A569C9800100E3A /* Resources */,
			);
			buildRules = (
			);
			dependencies = (
				F96E47DB1A569C9800100E3A /* PBXTargetDependency */,
			);
			name = RBStoryboarLinkDemo2Tests;
			productName = RBStoryboarLinkDemo2Tests;
			productReference = F96E47D91A569C9800100E3A /* RBStoryboarLinkDemo2Tests.xctest */;
			productType = "com.apple.product-type.bundle.unit-test";
		};
/* End PBXNativeTarget section */

/* Begin PBXProject section */
		F96E47B91A569C9800100E3A /* Project object */ = {
			isa = PBXProject;
			attributes = {
				LastUpgradeCheck = 0610;
				ORGANIZATIONNAME = andyhu;
				TargetAttributes = {
					F96E47C01A569C9800100E3A = {
						CreatedOnToolsVersion = 6.1;
					};
					F96E47D81A569C9800100E3A = {
						CreatedOnToolsVersion = 6.1;
						TestTargetID = F96E47C01A569C9800100E3A;
					};
				};
			};
			buildConfigurationList = F96E47BC1A569C9800100E3A /* Build configuration list for PBXProject "RBStoryboarLinkDemo2" */;
			compatibilityVersion = "Xcode 3.2";
			developmentRegion = English;
			hasScannedForEncodings = 0;
			knownRegions = (
				en,
				Base,
			);
			mainGroup = F96E47B81A569C9800100E3A;
			productRefGroup = F96E47C21A569C9800100E3A /* Products */;
			projectDirPath = "";
			projectRoot = "";
			targets = (
				F96E47C01A569C9800100E3A /* RBStoryboarLinkDemo2 */,
				F96E47D81A569C9800100E3A /* RBStoryboarLinkDemo2Tests */,
			);
		};
/* End PBXProject section */

/* Begin PBXResourcesBuildPhase section */
		F96E47BF1A569C9800100E3A /* Resources */ = {
			isa = PBXResourcesBuildPhase;
			buildActionMask = 2147483647;
			files = (
				F96E47CF1A569C9800100E3A /* Main.storyboard in Resources */,
				F96E47D41A569C9800100E3A /* LaunchScreen.xib in Resources */,
				F96E47EC1A569CBA00100E3A /* video.storyboard in Resources */,
				F96E47D11A569C9800100E3A /* Images.xcassets in Resources */,
				F96E47EA1A569CB300100E3A /* news.storyboard in Resources */,
			);
			runOnlyForDeploymentPostprocessing = 0;
		};
		F96E47D71A569C9800100E3A /* Resources */ = {
			isa = PBXResourcesBuildPhase;
			buildActionMask = 2147483647;
			files = (
			);
			runOnlyForDeploymentPostprocessing = 0;
		};
/* End PBXResourcesBuildPhase section */

/* Begin PBXShellScriptBuildPhase section */
		0EF12A6BAEC6A1DFB3C7FD38 /* Copy Pods Resources */ = {
			isa = PBXShellScriptBuildPhase;
			buildActionMask = 2147483647;
			files = (
			);
			inputPaths = (
			);
			name = "Copy Pods Resources";
			outputPaths = (
			);
			runOnlyForDeploymentPostprocessing = 0;
			shellPath = /bin/sh;
			shellScript = "\"${SRCROOT}/Pods/Target Support Files/Pods/Pods-resources.sh\"\n";
			showEnvVarsInLog = 0;
		};
		FC3F0557CA2B3E408DFA9222 /* Check Pods Manifest.lock */ = {
			isa = PBXShellScriptBuildPhase;
			buildActionMask = 2147483647;
			files = (
			);
			inputPaths = (
			);
			name = "Check Pods Manifest.lock";
			outputPaths = (
			);
			runOnlyForDeploymentPostprocessing = 0;
			shellPath = /bin/sh;
			shellScript = "diff \"${PODS_ROOT}/../Podfile.lock\" \"${PODS_ROOT}/Manifest.lock\" > /dev/null\nif [[ $? != 0 ]] ; then\n    cat << EOM\nerror: The sandbox is not in sync with the Podfile.lock. Run 'pod install' or update your CocoaPods installation.\nEOM\n    exit 1\nfi\n";
			showEnvVarsInLog = 0;
		};
/* End PBXShellScriptBuildPhase section */

/* Begin PBXSourcesBuildPhase section */
		F96E47BD1A569C9800100E3A /* Sources */ = {
			isa = PBXSourcesBuildPhase;
			buildActionMask = 2147483647;
			files = (
				F96E47CC1A569C9800100E3A /* ViewController.swift in Sources */,
				F929991B1A59340000EB0ED0 /* VideoDetailViewController.swift in Sources */,
				F96E47C71A569C9800100E3A /* AppDelegate.swift in Sources */,
				F96E47CA1A569C9800100E3A /* RBStoryboarLinkDemo2.xcdatamodeld in Sources */,
				F96E47F61A57CC8000100E3A /* HttpController.swift in Sources */,
				F96E47F41A57C83100100E3A /* VideoTableViewController.swift in Sources */,
				F96E47F81A58D3C100100E3A /* VideoTableViewCell.swift in Sources */,
			);
			runOnlyForDeploymentPostprocessing = 0;
		};
		F96E47D51A569C9800100E3A /* Sources */ = {
			isa = PBXSourcesBuildPhase;
			buildActionMask = 2147483647;
			files = (
				F96E47E01A569C9800100E3A /* RBStoryboarLinkDemo2Tests.swift in Sources */,
			);
			runOnlyForDeploymentPostprocessing = 0;
		};
/* End PBXSourcesBuildPhase section */

/* Begin PBXTargetDependency section */
		F96E47DB1A569C9800100E3A /* PBXTargetDependency */ = {
			isa = PBXTargetDependency;
			target = F96E47C01A569C9800100E3A /* RBStoryboarLinkDemo2 */;
			targetProxy = F96E47DA1A569C9800100E3A /* PBXContainerItemProxy */;
		};
/* End PBXTargetDependency section */

/* Begin PBXVariantGroup section */
		F96E47CD1A569C9800100E3A /* Main.storyboard */ = {
			isa = PBXVariantGroup;
			children = (
				F96E47CE1A569C9800100E3A /* Base */,
			);
			name = Main.storyboard;
			sourceTree = "<group>";
		};
		F96E47D21A569C9800100E3A /* LaunchScreen.xib */ = {
			isa = PBXVariantGroup;
			children = (
				F96E47D31A569C9800100E3A /* Base */,
			);
			name = LaunchScreen.xib;
			sourceTree = "<group>";
		};
/* End PBXVariantGroup section */

/* Begin XCBuildConfiguration section */
		F96E47E11A569C9800100E3A /* Debug */ = {
			isa = XCBuildConfiguration;
			buildSettings = {
				ALWAYS_SEARCH_USER_PATHS = NO;
				CLANG_CXX_LANGUAGE_STANDARD = "gnu++0x";
				CLANG_CXX_LIBRARY = "libc++";
				CLANG_ENABLE_MODULES = YES;
				CLANG_ENABLE_OBJC_ARC = YES;
				CLANG_WARN_BOOL_CONVERSION = YES;
				CLANG_WARN_CONSTANT_CONVERSION = YES;
				CLANG_WARN_DIRECT_OBJC_ISA_USAGE = YES_ERROR;
				CLANG_WARN_EMPTY_BODY = YES;
				CLANG_WARN_ENUM_CONVERSION = YES;
				CLANG_WARN_INT_CONVERSION = YES;
				CLANG_WARN_OBJC_ROOT_CLASS = YES_ERROR;
				CLANG_WARN_UNREACHABLE_CODE = YES;
				CLANG_WARN__DUPLICATE_METHOD_MATCH = YES;
				"CODE_SIGN_IDENTITY[sdk=iphoneos*]" = "iPhone Developer";
				COPY_PHASE_STRIP = NO;
				ENABLE_STRICT_OBJC_MSGSEND = YES;
				GCC_C_LANGUAGE_STANDARD = gnu99;
				GCC_DYNAMIC_NO_PIC = NO;
				GCC_OPTIMIZATION_LEVEL = 0;
				GCC_PREPROCESSOR_DEFINITIONS = (
					"DEBUG=1",
					"$(inherited)",
				);
				GCC_SYMBOLS_PRIVATE_EXTERN = NO;
				GCC_WARN_64_TO_32_BIT_CONVERSION = YES;
				GCC_WARN_ABOUT_RETURN_TYPE = YES_ERROR;
				GCC_WARN_UNDECLARED_SELECTOR = YES;
				GCC_WARN_UNINITIALIZED_AUTOS = YES_AGGRESSIVE;
				GCC_WARN_UNUSED_FUNCTION = YES;
				GCC_WARN_UNUSED_VARIABLE = YES;
				IPHONEOS_DEPLOYMENT_TARGET = 8.1;
				MTL_ENABLE_DEBUG_INFO = YES;
				ONLY_ACTIVE_ARCH = YES;
				SDKROOT = iphoneos;
				SWIFT_OPTIMIZATION_LEVEL = "-Onone";
			};
			name = Debug;
		};
		F96E47E21A569C9800100E3A /* Release */ = {
			isa = XCBuildConfiguration;
			buildSettings = {
				ALWAYS_SEARCH_USER_PATHS = NO;
				CLANG_CXX_LANGUAGE_STANDARD = "gnu++0x";
				CLANG_CXX_LIBRARY = "libc++";
				CLANG_ENABLE_MODULES = YES;
				CLANG_ENABLE_OBJC_ARC = YES;
				CLANG_WARN_BOOL_CONVERSION = YES;
				CLANG_WARN_CONSTANT_CONVERSION = YES;
				CLANG_WARN_DIRECT_OBJC_ISA_USAGE = YES_ERROR;
				CLANG_WARN_EMPTY_BODY = YES;
				CLANG_WARN_ENUM_CONVERSION = YES;
				CLANG_WARN_INT_CONVERSION = YES;
				CLANG_WARN_OBJC_ROOT_CLASS = YES_ERROR;
				CLANG_WARN_UNREACHABLE_CODE = YES;
				CLANG_WARN__DUPLICATE_METHOD_MATCH = YES;
				"CODE_SIGN_IDENTITY[sdk=iphoneos*]" = "iPhone Developer";
				COPY_PHASE_STRIP = YES;
				ENABLE_NS_ASSERTIONS = NO;
				ENABLE_STRICT_OBJC_MSGSEND = YES;
				GCC_C_LANGUAGE_STANDARD = gnu99;
				GCC_WARN_64_TO_32_BIT_CONVERSION = YES;
				GCC_WARN_ABOUT_RETURN_TYPE = YES_ERROR;
				GCC_WARN_UNDECLARED_SELECTOR = YES;
				GCC_WARN_UNINITIALIZED_AUTOS = YES_AGGRESSIVE;
				GCC_WARN_UNUSED_FUNCTION = YES;
				GCC_WARN_UNUSED_VARIABLE = YES;
				IPHONEOS_DEPLOYMENT_TARGET = 8.1;
				MTL_ENABLE_DEBUG_INFO = NO;
				SDKROOT = iphoneos;
				VALIDATE_PRODUCT = YES;
			};
			name = Release;
		};
		F96E47E41A569C9800100E3A /* Debug */ = {
			isa = XCBuildConfiguration;
			baseConfigurationReference = 602FF4F0BF44A31904520984 /* Pods.debug.xcconfig */;
			buildSettings = {
				ASSETCATALOG_COMPILER_APPICON_NAME = AppIcon;
				INFOPLIST_FILE = RBStoryboarLinkDemo2/Info.plist;
				LD_RUNPATH_SEARCH_PATHS = "$(inherited) @executable_path/Frameworks";
				PRODUCT_NAME = "$(TARGET_NAME)";
			};
			name = Debug;
		};
		F96E47E51A569C9800100E3A /* Release */ = {
			isa = XCBuildConfiguration;
			baseConfigurationReference = 04C583E97C514F66FAE536F1 /* Pods.release.xcconfig */;
			buildSettings = {
				ASSETCATALOG_COMPILER_APPICON_NAME = AppIcon;
				INFOPLIST_FILE = RBStoryboarLinkDemo2/Info.plist;
				LD_RUNPATH_SEARCH_PATHS = "$(inherited) @executable_path/Frameworks";
				PRODUCT_NAME = "$(TARGET_NAME)";
			};
			name = Release;
		};
		F96E47E71A569C9800100E3A /* Debug */ = {
			isa = XCBuildConfiguration;
			buildSettings = {
				BUNDLE_LOADER = "$(TEST_HOST)";
				FRAMEWORK_SEARCH_PATHS = (
					"$(SDKROOT)/Developer/Library/Frameworks",
					"$(inherited)",
				);
				GCC_PREPROCESSOR_DEFINITIONS = (
					"DEBUG=1",
					"$(inherited)",
				);
				INFOPLIST_FILE = RBStoryboarLinkDemo2Tests/Info.plist;
				LD_RUNPATH_SEARCH_PATHS = "$(inherited) @executable_path/Frameworks @loader_path/Frameworks";
				PRODUCT_NAME = "$(TARGET_NAME)";
				TEST_HOST = "$(BUILT_PRODUCTS_DIR)/RBStoryboarLinkDemo2.app/RBStoryboarLinkDemo2";
			};
			name = Debug;
		};
		F96E47E81A569C9800100E3A /* Release */ = {
			isa = XCBuildConfiguration;
			buildSettings = {
				BUNDLE_LOADER = "$(TEST_HOST)";
				FRAMEWORK_SEARCH_PATHS = (
					"$(SDKROOT)/Developer/Library/Frameworks",
					"$(inherited)",
				);
				INFOPLIST_FILE = RBStoryboarLinkDemo2Tests/Info.plist;
				LD_RUNPATH_SEARCH_PATHS = "$(inherited) @executable_path/Frameworks @loader_path/Frameworks";
				PRODUCT_NAME = "$(TARGET_NAME)";
				TEST_HOST = "$(BUILT_PRODUCTS_DIR)/RBStoryboarLinkDemo2.app/RBStoryboarLinkDemo2";
			};
			name = Release;
		};
/* End XCBuildConfiguration section */

/* Begin XCConfigurationList section */
		F96E47BC1A569C9800100E3A /* Build configuration list for PBXProject "RBStoryboarLinkDemo2" */ = {
			isa = XCConfigurationList;
			buildConfigurations = (
				F96E47E11A569C9800100E3A /* Debug */,
				F96E47E21A569C9800100E3A /* Release */,
			);
			defaultConfigurationIsVisible = 0;
			defaultConfigurationName = Release;
		};
		F96E47E31A569C9800100E3A /* Build configuration list for PBXNativeTarget "RBStoryboarLinkDemo2" */ = {
			isa = XCConfigurationList;
			buildConfigurations = (
				F96E47E41A569C9800100E3A /* Debug */,
				F96E47E51A569C9800100E3A /* Release */,
			);
			defaultConfigurationIsVisible = 0;
			defaultConfigurationName = Release;
		};
		F96E47E61A569C9800100E3A /* Build configuration list for PBXNativeTarget "RBStoryboarLinkDemo2Tests" */ = {
			isa = XCConfigurationList;
			buildConfigurations = (
				F96E47E71A569C9800100E3A /* Debug */,
				F96E47E81A569C9800100E3A /* Release */,
			);
			defaultConfigurationIsVisible = 0;
			defaultConfigurationName = Release;
		};
/* End XCConfigurationList section */

/* Begin XCVersionGroup section */
		F96E47C81A569C9800100E3A /* RBStoryboarLinkDemo2.xcdatamodeld */ = {
			isa = XCVersionGroup;
			children = (
				F96E47C91A569C9800100E3A /* RBStoryboarLinkDemo2.xcdatamodel */,
			);
			currentVersion = F96E47C91A569C9800100E3A /* RBStoryboarLinkDemo2.xcdatamodel */;
			path = RBStoryboarLinkDemo2.xcdatamodeld;
			sourceTree = "<group>";
			versionGroupType = wrapper.xcdatamodel;
		};
/* End XCVersionGroup section */
	};
	rootObject = F96E47B91A569C9800100E3A /* Project object */;
}
