// !$*UTF8*$!
{
	archiveVersion = 1;
	classes = {
	};
	objectVersion = 46;
	objects = {

/* Begin PBXBuildFile section */
		F922E4E91A2D25B1007CBA9B /* Restaurant.swift in Sources */ = {isa = PBXBuildFile; fileRef = F922E4E81A2D25B1007CBA9B /* Restaurant.swift */; };
		F95357281A2D56CD006102A9 /* DetailTableViewCell.swift in Sources */ = {isa = PBXBuildFile; fileRef = F95357271A2D56CD006102A9 /* DetailTableViewCell.swift */; };
		F9B7D1661A2AA3C700026829 /* AppDelegate.swift in Sources */ = {isa = PBXBuildFile; fileRef = F9B7D1651A2AA3C700026829 /* AppDelegate.swift */; };
		F9B7D1691A2AA3C700026829 /* NewFoodPin.xcdatamodeld in Sources */ = {isa = PBXBuildFile; fileRef = F9B7D1671A2AA3C700026829 /* NewFoodPin.xcdatamodeld */; };
		F9B7D16E1A2AA3C700026829 /* Main.storyboard in Resources */ = {isa = PBXBuildFile; fileRef = F9B7D16C1A2AA3C700026829 /* Main.storyboard */; };
		F9B7D1701A2AA3C700026829 /* Images.xcassets in Resources */ = {isa = PBXBuildFile; fileRef = F9B7D16F1A2AA3C700026829 /* Images.xcassets */; };
		F9B7D1731A2AA3C700026829 /* LaunchScreen.xib in Resources */ = {isa = PBXBuildFile; fileRef = F9B7D1711A2AA3C700026829 /* LaunchScreen.xib */; };
		F9B7D17F1A2AA3C700026829 /* NewFoodPinTests.swift in Sources */ = {isa = PBXBuildFile; fileRef = F9B7D17E1A2AA3C700026829 /* NewFoodPinTests.swift */; };
		F9B7D18B1A2AA7C100026829 /* RestaurantTableViewController.swift in Sources */ = {isa = PBXBuildFile; fileRef = F9B7D18A1A2AA7C100026829 /* RestaurantTableViewController.swift */; };
		F9B7D18D1A2AFEC200026829 /* CustomTableViewCell.swift in Sources */ = {isa = PBXBuildFile; fileRef = F9B7D18C1A2AFEC200026829 /* CustomTableViewCell.swift */; };
		F9B7D18F1A2B5CF600026829 /* listen_katong.jpeg in Resources */ = {isa = PBXBuildFile; fileRef = F9B7D18E1A2B5CF600026829 /* listen_katong.jpeg */; };
		F9B7D1931A2CBD5900026829 /* DetailViewController.swift in Sources */ = {isa = PBXBuildFile; fileRef = F9B7D1921A2CBD5900026829 /* DetailViewController.swift */; };
/* End PBXBuildFile section */

/* Begin PBXContainerItemProxy section */
		F9B7D1791A2AA3C700026829 /* PBXContainerItemProxy */ = {
			isa = PBXContainerItemProxy;
			containerPortal = F9B7D1581A2AA3C700026829 /* Project object */;
			proxyType = 1;
			remoteGlobalIDString = F9B7D15F1A2AA3C700026829;
			remoteInfo = NewFoodPin;
		};
/* End PBXContainerItemProxy section */

/* Begin PBXFileReference section */
		F922E4E81A2D25B1007CBA9B /* Restaurant.swift */ = {isa = PBXFileReference; fileEncoding = 4; lastKnownFileType = sourcecode.swift; path = Restaurant.swift; sourceTree = "<group>"; };
		F95357271A2D56CD006102A9 /* DetailTableViewCell.swift */ = {isa = PBXFileReference; fileEncoding = 4; lastKnownFileType = sourcecode.swift; path = DetailTableViewCell.swift; sourceTree = "<group>"; };
		F9B7D1601A2AA3C700026829 /* NewFoodPin.app */ = {isa = PBXFileReference; explicitFileType = wrapper.application; includeInIndex = 0; path = NewFoodPin.app; sourceTree = BUILT_PRODUCTS_DIR; };
		F9B7D1641A2AA3C700026829 /* Info.plist */ = {isa = PBXFileReference; lastKnownFileType = text.plist.xml; path = Info.plist; sourceTree = "<group>"; };
		F9B7D1651A2AA3C700026829 /* AppDelegate.swift */ = {isa = PBXFileReference; lastKnownFileType = sourcecode.swift; path = AppDelegate.swift; sourceTree = "<group>"; };
		F9B7D1681A2AA3C700026829 /* NewFoodPin.xcdatamodel */ = {isa = PBXFileReference; lastKnownFileType = wrapper.xcdatamodel; path = NewFoodPin.xcdatamodel; sourceTree = "<group>"; };
		F9B7D16D1A2AA3C700026829 /* Base */ = {isa = PBXFileReference; lastKnownFileType = file.storyboard; name = Base; path = Base.lproj/Main.storyboard; sourceTree = "<group>"; };
		F9B7D16F1A2AA3C700026829 /* Images.xcassets */ = {isa = PBXFileReference; lastKnownFileType = folder.assetcatalog; path = Images.xcassets; sourceTree = "<group>"; };
		F9B7D1721A2AA3C700026829 /* Base */ = {isa = PBXFileReference; lastKnownFileType = file.xib; name = Base; path = Base.lproj/LaunchScreen.xib; sourceTree = "<group>"; };
		F9B7D1781A2AA3C700026829 /* NewFoodPinTests.xctest */ = {isa = PBXFileReference; explicitFileType = wrapper.cfbundle; includeInIndex = 0; path = NewFoodPinTests.xctest; sourceTree = BUILT_PRODUCTS_DIR; };
		F9B7D17D1A2AA3C700026829 /* Info.plist */ = {isa = PBXFileReference; lastKnownFileType = text.plist.xml; path = Info.plist; sourceTree = "<group>"; };
		F9B7D17E1A2AA3C700026829 /* NewFoodPinTests.swift */ = {isa = PBXFileReference; lastKnownFileType = sourcecode.swift; path = NewFoodPinTests.swift; sourceTree = "<group>"; };
		F9B7D18A1A2AA7C100026829 /* RestaurantTableViewController.swift */ = {isa = PBXFileReference; fileEncoding = 4; lastKnownFileType = sourcecode.swift; path = RestaurantTableViewController.swift; sourceTree = "<group>"; };
		F9B7D18C1A2AFEC200026829 /* CustomTableViewCell.swift */ = {isa = PBXFileReference; fileEncoding = 4; lastKnownFileType = sourcecode.swift; path = CustomTableViewCell.swift; sourceTree = "<group>"; };
		F9B7D18E1A2B5CF600026829 /* listen_katong.jpeg */ = {isa = PBXFileReference; lastKnownFileType = image.jpeg; path = listen_katong.jpeg; sourceTree = "<group>"; };
		F9B7D1921A2CBD5900026829 /* DetailViewController.swift */ = {isa = PBXFileReference; fileEncoding = 4; lastKnownFileType = sourcecode.swift; path = DetailViewController.swift; sourceTree = "<group>"; };
/* End PBXFileReference section */

/* Begin PBXFrameworksBuildPhase section */
		F9B7D15D1A2AA3C700026829 /* Frameworks */ = {
			isa = PBXFrameworksBuildPhase;
			buildActionMask = 2147483647;
			files = (
			);
			runOnlyForDeploymentPostprocessing = 0;
		};
		F9B7D1751A2AA3C700026829 /* Frameworks */ = {
			isa = PBXFrameworksBuildPhase;
			buildActionMask = 2147483647;
			files = (
			);
			runOnlyForDeploymentPostprocessing = 0;
		};
/* End PBXFrameworksBuildPhase section */

/* Begin PBXGroup section */
		F9B7D1571A2AA3C700026829 = {
			isa = PBXGroup;
			children = (
				F9B7D1621A2AA3C700026829 /* NewFoodPin */,
				F9B7D17B1A2AA3C700026829 /* NewFoodPinTests */,
				F9B7D1611A2AA3C700026829 /* Products */,
			);
			sourceTree = "<group>";
		};
		F9B7D1611A2AA3C700026829 /* Products */ = {
			isa = PBXGroup;
			children = (
				F9B7D1601A2AA3C700026829 /* NewFoodPin.app */,
				F9B7D1781A2AA3C700026829 /* NewFoodPinTests.xctest */,
			);
			name = Products;
			sourceTree = "<group>";
		};
		F9B7D1621A2AA3C700026829 /* NewFoodPin */ = {
			isa = PBXGroup;
			children = (
				F9B7D1651A2AA3C700026829 /* AppDelegate.swift */,
				F9B7D16C1A2AA3C700026829 /* Main.storyboard */,
				F9B7D16F1A2AA3C700026829 /* Images.xcassets */,
				F9B7D18E1A2B5CF600026829 /* listen_katong.jpeg */,
				F9B7D1711A2AA3C700026829 /* LaunchScreen.xib */,
				F9B7D1671A2AA3C700026829 /* NewFoodPin.xcdatamodeld */,
				F9B7D1631A2AA3C700026829 /* Supporting Files */,
				F9B7D18A1A2AA7C100026829 /* RestaurantTableViewController.swift */,
				F9B7D18C1A2AFEC200026829 /* CustomTableViewCell.swift */,
				F922E4E81A2D25B1007CBA9B /* Restaurant.swift */,
				F9B7D1921A2CBD5900026829 /* DetailViewController.swift */,
				F95357271A2D56CD006102A9 /* DetailTableViewCell.swift */,
			);
			path = NewFoodPin;
			sourceTree = "<group>";
		};
		F9B7D1631A2AA3C700026829 /* Supporting Files */ = {
			isa = PBXGroup;
			children = (
				F9B7D1641A2AA3C700026829 /* Info.plist */,
			);
			name = "Supporting Files";
			sourceTree = "<group>";
		};
		F9B7D17B1A2AA3C700026829 /* NewFoodPinTests */ = {
			isa = PBXGroup;
			children = (
				F9B7D17E1A2AA3C700026829 /* NewFoodPinTests.swift */,
				F9B7D17C1A2AA3C700026829 /* Supporting Files */,
			);
			path = NewFoodPinTests;
			sourceTree = "<group>";
		};
		F9B7D17C1A2AA3C700026829 /* Supporting Files */ = {
			isa = PBXGroup;
			children = (
				F9B7D17D1A2AA3C700026829 /* Info.plist */,
			);
			name = "Supporting Files";
			sourceTree = "<group>";
		};
/* End PBXGroup section */

/* Begin PBXNativeTarget section */
		F9B7D15F1A2AA3C700026829 /* NewFoodPin */ = {
			isa = PBXNativeTarget;
			buildConfigurationList = F9B7D1821A2AA3C700026829 /* Build configuration list for PBXNativeTarget "NewFoodPin" */;
			buildPhases = (
				F9B7D15C1A2AA3C700026829 /* Sources */,
				F9B7D15D1A2AA3C700026829 /* Frameworks */,
				F9B7D15E1A2AA3C700026829 /* Resources */,
			);
			buildRules = (
			);
			dependencies = (
			);
			name = NewFoodPin;
			productName = NewFoodPin;
			productReference = F9B7D1601A2AA3C700026829 /* NewFoodPin.app */;
			productType = "com.apple.product-type.application";
		};
		F9B7D1771A2AA3C700026829 /* NewFoodPinTests */ = {
			isa = PBXNativeTarget;
			buildConfigurationList = F9B7D1851A2AA3C700026829 /* Build configuration list for PBXNativeTarget "NewFoodPinTests" */;
			buildPhases = (
				F9B7D1741A2AA3C700026829 /* Sources */,
				F9B7D1751A2AA3C700026829 /* Frameworks */,
				F9B7D1761A2AA3C700026829 /* Resources */,
			);
			buildRules = (
			);
			dependencies = (
				F9B7D17A1A2AA3C700026829 /* PBXTargetDependency */,
			);
			name = NewFoodPinTests;
			productName = NewFoodPinTests;
			productReference = F9B7D1781A2AA3C700026829 /* NewFoodPinTests.xctest */;
			productType = "com.apple.product-type.bundle.unit-test";
		};
/* End PBXNativeTarget section */

/* Begin PBXProject section */
		F9B7D1581A2AA3C700026829 /* Project object */ = {
			isa = PBXProject;
			attributes = {
				LastUpgradeCheck = 0610;
				ORGANIZATIONNAME = andyhu;
				TargetAttributes = {
					F9B7D15F1A2AA3C700026829 = {
						CreatedOnToolsVersion = 6.1;
					};
					F9B7D1771A2AA3C700026829 = {
						CreatedOnToolsVersion = 6.1;
						TestTargetID = F9B7D15F1A2AA3C700026829;
					};
				};
			};
			buildConfigurationList = F9B7D15B1A2AA3C700026829 /* Build configuration list for PBXProject "NewFoodPin" */;
			compatibilityVersion = "Xcode 3.2";
			developmentRegion = English;
			hasScannedForEncodings = 0;
			knownRegions = (
				en,
				Base,
			);
			mainGroup = F9B7D1571A2AA3C700026829;
			productRefGroup = F9B7D1611A2AA3C700026829 /* Products */;
			projectDirPath = "";
			projectRoot = "";
			targets = (
				F9B7D15F1A2AA3C700026829 /* NewFoodPin */,
				F9B7D1771A2AA3C700026829 /* NewFoodPinTests */,
			);
		};
/* End PBXProject section */

/* Begin PBXResourcesBuildPhase section */
		F9B7D15E1A2AA3C700026829 /* Resources */ = {
			isa = PBXResourcesBuildPhase;
			buildActionMask = 2147483647;
			files = (
				F9B7D18F1A2B5CF600026829 /* listen_katong.jpeg in Resources */,
				F9B7D16E1A2AA3C700026829 /* Main.storyboard in Resources */,
				F9B7D1731A2AA3C700026829 /* LaunchScreen.xib in Resources */,
				F9B7D1701A2AA3C700026829 /* Images.xcassets in Resources */,
			);
			runOnlyForDeploymentPostprocessing = 0;
		};
		F9B7D1761A2AA3C700026829 /* Resources */ = {
			isa = PBXResourcesBuildPhase;
			buildActionMask = 2147483647;
			files = (
			);
			runOnlyForDeploymentPostprocessing = 0;
		};
/* End PBXResourcesBuildPhase section */

/* Begin PBXSourcesBuildPhase section */
		F9B7D15C1A2AA3C700026829 /* Sources */ = {
			isa = PBXSourcesBuildPhase;
			buildActionMask = 2147483647;
			files = (
				F9B7D1691A2AA3C700026829 /* NewFoodPin.xcdatamodeld in Sources */,
				F9B7D18B1A2AA7C100026829 /* RestaurantTableViewController.swift in Sources */,
				F95357281A2D56CD006102A9 /* DetailTableViewCell.swift in Sources */,
				F922E4E91A2D25B1007CBA9B /* Restaurant.swift in Sources */,
				F9B7D1931A2CBD5900026829 /* DetailViewController.swift in Sources */,
				F9B7D18D1A2AFEC200026829 /* CustomTableViewCell.swift in Sources */,
				F9B7D1661A2AA3C700026829 /* AppDelegate.swift in Sources */,
			);
			runOnlyForDeploymentPostprocessing = 0;
		};
		F9B7D1741A2AA3C700026829 /* Sources */ = {
			isa = PBXSourcesBuildPhase;
			buildActionMask = 2147483647;
			files = (
				F9B7D17F1A2AA3C700026829 /* NewFoodPinTests.swift in Sources */,
			);
			runOnlyForDeploymentPostprocessing = 0;
		};
/* End PBXSourcesBuildPhase section */

/* Begin PBXTargetDependency section */
		F9B7D17A1A2AA3C700026829 /* PBXTargetDependency */ = {
			isa = PBXTargetDependency;
			target = F9B7D15F1A2AA3C700026829 /* NewFoodPin */;
			targetProxy = F9B7D1791A2AA3C700026829 /* PBXContainerItemProxy */;
		};
/* End PBXTargetDependency section */

/* Begin PBXVariantGroup section */
		F9B7D16C1A2AA3C700026829 /* Main.storyboard */ = {
			isa = PBXVariantGroup;
			children = (
				F9B7D16D1A2AA3C700026829 /* Base */,
			);
			name = Main.storyboard;
			sourceTree = "<group>";
		};
		F9B7D1711A2AA3C700026829 /* LaunchScreen.xib */ = {
			isa = PBXVariantGroup;
			children = (
				F9B7D1721A2AA3C700026829 /* Base */,
			);
			name = LaunchScreen.xib;
			sourceTree = "<group>";
		};
/* End PBXVariantGroup section */

/* Begin XCBuildConfiguration section */
		F9B7D1801A2AA3C700026829 /* Debug */ = {
			isa = XCBuildConfiguration;
			buildSettings = {
				ALWAYS_SEARCH_USER_PATHS = NO;
				CLANG_CXX_LANGUAGE_STANDARD = "gnu++0x";
				CLANG_CXX_LIBRARY = "libc++";
				CLANG_ENABLE_MODULES = YES;
				CLANG_ENABLE_OBJC_ARC = YES;
				CLANG_WARN_BOOL_CONVERSION = YES;
				CLANG_WARN_CONSTANT_CONVERSION = YES;
				CLANG_WARN_DIRECT_OBJC_ISA_USAGE = YES_ERROR;
				CLANG_WARN_EMPTY_BODY = YES;
				CLANG_WARN_ENUM_CONVERSION = YES;
				CLANG_WARN_INT_CONVERSION = YES;
				CLANG_WARN_OBJC_ROOT_CLASS = YES_ERROR;
				CLANG_WARN_UNREACHABLE_CODE = YES;
				CLANG_WARN__DUPLICATE_METHOD_MATCH = YES;
				"CODE_SIGN_IDENTITY[sdk=iphoneos*]" = "iPhone Developer";
				COPY_PHASE_STRIP = NO;
				ENABLE_STRICT_OBJC_MSGSEND = YES;
				GCC_C_LANGUAGE_STANDARD = gnu99;
				GCC_DYNAMIC_NO_PIC = NO;
				GCC_OPTIMIZATION_LEVEL = 0;
				GCC_PREPROCESSOR_DEFINITIONS = (
					"DEBUG=1",
					"$(inherited)",
				);
				GCC_SYMBOLS_PRIVATE_EXTERN = NO;
				GCC_WARN_64_TO_32_BIT_CONVERSION = YES;
				GCC_WARN_ABOUT_RETURN_TYPE = YES_ERROR;
				GCC_WARN_UNDECLARED_SELECTOR = YES;
				GCC_WARN_UNINITIALIZED_AUTOS = YES_AGGRESSIVE;
				GCC_WARN_UNUSED_FUNCTION = YES;
				GCC_WARN_UNUSED_VARIABLE = YES;
				IPHONEOS_DEPLOYMENT_TARGET = 8.1;
				MTL_ENABLE_DEBUG_INFO = YES;
				ONLY_ACTIVE_ARCH = YES;
				SDKROOT = iphoneos;
				SWIFT_OPTIMIZATION_LEVEL = "-Onone";
			};
			name = Debug;
		};
		F9B7D1811A2AA3C700026829 /* Release */ = {
			isa = XCBuildConfiguration;
			buildSettings = {
				ALWAYS_SEARCH_USER_PATHS = NO;
				CLANG_CXX_LANGUAGE_STANDARD = "gnu++0x";
				CLANG_CXX_LIBRARY = "libc++";
				CLANG_ENABLE_MODULES = YES;
				CLANG_ENABLE_OBJC_ARC = YES;
				CLANG_WARN_BOOL_CONVERSION = YES;
				CLANG_WARN_CONSTANT_CONVERSION = YES;
				CLANG_WARN_DIRECT_OBJC_ISA_USAGE = YES_ERROR;
				CLANG_WARN_EMPTY_BODY = YES;
				CLANG_WARN_ENUM_CONVERSION = YES;
				CLANG_WARN_INT_CONVERSION = YES;
				CLANG_WARN_OBJC_ROOT_CLASS = YES_ERROR;
				CLANG_WARN_UNREACHABLE_CODE = YES;
				CLANG_WARN__DUPLICATE_METHOD_MATCH = YES;
				"CODE_SIGN_IDENTITY[sdk=iphoneos*]" = "iPhone Developer";
				COPY_PHASE_STRIP = YES;
				ENABLE_NS_ASSERTIONS = NO;
				ENABLE_STRICT_OBJC_MSGSEND = YES;
				GCC_C_LANGUAGE_STANDARD = gnu99;
				GCC_WARN_64_TO_32_BIT_CONVERSION = YES;
				GCC_WARN_ABOUT_RETURN_TYPE = YES_ERROR;
				GCC_WARN_UNDECLARED_SELECTOR = YES;
				GCC_WARN_UNINITIALIZED_AUTOS = YES_AGGRESSIVE;
				GCC_WARN_UNUSED_FUNCTION = YES;
				GCC_WARN_UNUSED_VARIABLE = YES;
				IPHONEOS_DEPLOYMENT_TARGET = 8.1;
				MTL_ENABLE_DEBUG_INFO = NO;
				SDKROOT = iphoneos;
				VALIDATE_PRODUCT = YES;
			};
			name = Release;
		};
		F9B7D1831A2AA3C700026829 /* Debug */ = {
			isa = XCBuildConfiguration;
			buildSettings = {
				ASSETCATALOG_COMPILER_APPICON_NAME = AppIcon;
				INFOPLIST_FILE = NewFoodPin/Info.plist;
				LD_RUNPATH_SEARCH_PATHS = "$(inherited) @executable_path/Frameworks";
				PRODUCT_NAME = "$(TARGET_NAME)";
			};
			name = Debug;
		};
		F9B7D1841A2AA3C700026829 /* Release */ = {
			isa = XCBuildConfiguration;
			buildSettings = {
				ASSETCATALOG_COMPILER_APPICON_NAME = AppIcon;
				INFOPLIST_FILE = NewFoodPin/Info.plist;
				LD_RUNPATH_SEARCH_PATHS = "$(inherited) @executable_path/Frameworks";
				PRODUCT_NAME = "$(TARGET_NAME)";
			};
			name = Release;
		};
		F9B7D1861A2AA3C700026829 /* Debug */ = {
			isa = XCBuildConfiguration;
			buildSettings = {
				BUNDLE_LOADER = "$(TEST_HOST)";
				FRAMEWORK_SEARCH_PATHS = (
					"$(SDKROOT)/Developer/Library/Frameworks",
					"$(inherited)",
				);
				GCC_PREPROCESSOR_DEFINITIONS = (
					"DEBUG=1",
					"$(inherited)",
				);
				INFOPLIST_FILE = NewFoodPinTests/Info.plist;
				LD_RUNPATH_SEARCH_PATHS = "$(inherited) @executable_path/Frameworks @loader_path/Frameworks";
				PRODUCT_NAME = "$(TARGET_NAME)";
				TEST_HOST = "$(BUILT_PRODUCTS_DIR)/NewFoodPin.app/NewFoodPin";
			};
			name = Debug;
		};
		F9B7D1871A2AA3C700026829 /* Release */ = {
			isa = XCBuildConfiguration;
			buildSettings = {
				BUNDLE_LOADER = "$(TEST_HOST)";
				FRAMEWORK_SEARCH_PATHS = (
					"$(SDKROOT)/Developer/Library/Frameworks",
					"$(inherited)",
				);
				INFOPLIST_FILE = NewFoodPinTests/Info.plist;
				LD_RUNPATH_SEARCH_PATHS = "$(inherited) @executable_path/Frameworks @loader_path/Frameworks";
				PRODUCT_NAME = "$(TARGET_NAME)";
				TEST_HOST = "$(BUILT_PRODUCTS_DIR)/NewFoodPin.app/NewFoodPin";
			};
			name = Release;
		};
/* End XCBuildConfiguration section */

/* Begin XCConfigurationList section */
		F9B7D15B1A2AA3C700026829 /* Build configuration list for PBXProject "NewFoodPin" */ = {
			isa = XCConfigurationList;
			buildConfigurations = (
				F9B7D1801A2AA3C700026829 /* Debug */,
				F9B7D1811A2AA3C700026829 /* Release */,
			);
			defaultConfigurationIsVisible = 0;
			defaultConfigurationName = Release;
		};
		F9B7D1821A2AA3C700026829 /* Build configuration list for PBXNativeTarget "NewFoodPin" */ = {
			isa = XCConfigurationList;
			buildConfigurations = (
				F9B7D1831A2AA3C700026829 /* Debug */,
				F9B7D1841A2AA3C700026829 /* Release */,
			);
			defaultConfigurationIsVisible = 0;
			defaultConfigurationName = Release;
		};
		F9B7D1851A2AA3C700026829 /* Build configuration list for PBXNativeTarget "NewFoodPinTests" */ = {
			isa = XCConfigurationList;
			buildConfigurations = (
				F9B7D1861A2AA3C700026829 /* Debug */,
				F9B7D1871A2AA3C700026829 /* Release */,
			);
			defaultConfigurationIsVisible = 0;
			defaultConfigurationName = Release;
		};
/* End XCConfigurationList section */

/* Begin XCVersionGroup section */
		F9B7D1671A2AA3C700026829 /* NewFoodPin.xcdatamodeld */ = {
			isa = XCVersionGroup;
			children = (
				F9B7D1681A2AA3C700026829 /* NewFoodPin.xcdatamodel */,
			);
			currentVersion = F9B7D1681A2AA3C700026829 /* NewFoodPin.xcdatamodel */;
			path = NewFoodPin.xcdatamodeld;
			sourceTree = "<group>";
			versionGroupType = wrapper.xcdatamodel;
		};
/* End XCVersionGroup section */
	};
	rootObject = F9B7D1581A2AA3C700026829 /* Project object */;
}
